
Microsoft Visual Studio Solution File, Format Version 12.00
# Visual Studio 15
VisualStudioVersion = 15.0.27130.2010
MinimumVisualStudioVersion = 10.0.40219.1
Project("{FAE04EC0-301F-11D3-BF4B-00C04F79EFBC}") = "BarotraumaClient", "Barotrauma\BarotraumaClient\BarotraumaClient.csproj", "{008C0F83-E914-4966-9135-EA885059EDD8}"
	ProjectSection(ProjectDependencies) = postProject
		{85232B20-074D-4723-B0C6-91495391E448} = {85232B20-074D-4723-B0C6-91495391E448}
	EndProjectSection
EndProject
Project("{FAE04EC0-301F-11D3-BF4B-00C04F79EFBC}") = "Farseer Physics MonoGame", "Libraries\Farseer Physics Engine 3.5\Farseer Physics MonoGame.csproj", "{0AAD36E3-51A5-4A07-AB60-5C8A66BD38B7}"
EndProject
Project("{FAE04EC0-301F-11D3-BF4B-00C04F79EFBC}") = "Lidgren.Network", "Libraries\Lidgren.Network\Lidgren.Network.csproj", "{49BA1C69-6104-41AC-A5D8-B54FA9F696E8}"
EndProject
Project("{FAE04EC0-301F-11D3-BF4B-00C04F79EFBC}") = "Launcher", "Barotrauma\Launcher\Launcher.csproj", "{251AAFE1-F24B-4837-9128-9D04FCBFD528}"
EndProject
Project("{2150E333-8FDC-42A3-9474-1A3956D46DE8}") = "Solution Items", "Solution Items", "{D32A29D8-AC7B-4189-B734-8ED9EB4120D0}"
	ProjectSection(SolutionItems) = preProject
		NuGet.Config = NuGet.Config
	EndProjectSection
EndProject
Project("{FAE04EC0-301F-11D3-BF4B-00C04F79EFBC}") = "Hyper.ComponentModel", "Libraries\Hyper.ComponentModel\Hyper.ComponentModel.csproj", "{3B8F9EDB-6E5E-450C-ABC2-EC49075D0B50}"
EndProject
Project("{FAE04EC0-301F-11D3-BF4B-00C04F79EFBC}") = "SharpFont", "Libraries\SharpFont\Source\SharpFont\SharpFont.csproj", "{C293DB32-FA42-486D-B128-5A12522FAE4E}"
EndProject
Project("{D954291E-2A0B-460D-934E-DC6B0785DB48}") = "SharpFontShared", "Libraries\SharpFont\Source\SharpFontShared\SharpFontShared.shproj", "{2E4773B7-961A-4328-9D77-9749F9071CA2}"
EndProject
Project("{FAE04EC0-301F-11D3-BF4B-00C04F79EFBC}") = "BarotraumaServer", "Barotrauma\BarotraumaServer\BarotraumaServer.csproj", "{85232B20-074D-4723-B0C6-91495391E448}"
EndProject
Project("{D954291E-2A0B-460D-934E-DC6B0785DB48}") = "BarotraumaShared", "Barotrauma\BarotraumaShared\BarotraumaShared.shproj", "{561357C2-DB28-4E01-B275-6BF545F70491}"
EndProject
Project("{2150E333-8FDC-42A3-9474-1A3956D46DE8}") = "Barotrauma", "Barotrauma", "{F35DF9BF-0BED-4FEF-A51C-DD83C531882F}"
EndProject
Project("{2150E333-8FDC-42A3-9474-1A3956D46DE8}") = "Libraries", "Libraries", "{DE36F45F-F09E-4719-B953-00D148F7722A}"
EndProject
Project("{FAE04EC0-301F-11D3-BF4B-00C04F79EFBC}") = "Farseer Physics", "Libraries\Farseer Physics Engine 3.5\Farseer Physics.csproj", "{A4610E4C-DD34-428B-BABB-779CA0B5993A}"
EndProject
Project("{FAE04EC0-301F-11D3-BF4B-00C04F79EFBC}") = "Facepunch.Steamworks", "Libraries\Facepunch.Steamworks\Facepunch.Steamworks.csproj", "{3AF0347C-5A9B-4421-868C-8EE3DBFAEBC6}"
EndProject
Global
	GlobalSection(SharedMSBuildProjectFiles) = preSolution
		Barotrauma\BarotraumaShared\BarotraumaShared.projitems*{008c0f83-e914-4966-9135-ea885059edd8}*SharedItemsImports = 4
		Libraries\SharpFont\Source\SharpFontShared\SharpFontShared.projitems*{2e4773b7-961a-4328-9d77-9749f9071ca2}*SharedItemsImports = 13
		Barotrauma\BarotraumaShared\BarotraumaShared.projitems*{561357c2-db28-4e01-b275-6bf545f70491}*SharedItemsImports = 13
		Barotrauma\BarotraumaShared\BarotraumaShared.projitems*{85232b20-074d-4723-b0c6-91495391e448}*SharedItemsImports = 4
		Libraries\SharpFont\Source\SharpFontShared\SharpFontShared.projitems*{c293db32-fa42-486d-b128-5a12522fae4e}*SharedItemsImports = 4
	EndGlobalSection
	GlobalSection(SolutionConfigurationPlatforms) = preSolution
		Debug|Any CPU = Debug|Any CPU
		Debug|x64 = Debug|x64
		Debug|x86 = Debug|x86
		DebugLinux|Any CPU = DebugLinux|Any CPU
		DebugLinux|x64 = DebugLinux|x64
		DebugLinux|x86 = DebugLinux|x86
		DebugMac|Any CPU = DebugMac|Any CPU
		DebugMac|x64 = DebugMac|x64
		DebugMac|x86 = DebugMac|x86
		DebugWindows|Any CPU = DebugWindows|Any CPU
		DebugWindows|x64 = DebugWindows|x64
		DebugWindows|x86 = DebugWindows|x86
		Release|Any CPU = Release|Any CPU
		Release|x64 = Release|x64
		Release|x86 = Release|x86
		ReleaseLinux|Any CPU = ReleaseLinux|Any CPU
		ReleaseLinux|x64 = ReleaseLinux|x64
		ReleaseLinux|x86 = ReleaseLinux|x86
		ReleaseMac|Any CPU = ReleaseMac|Any CPU
		ReleaseMac|x64 = ReleaseMac|x64
		ReleaseMac|x86 = ReleaseMac|x86
		ReleaseWindows|Any CPU = ReleaseWindows|Any CPU
		ReleaseWindows|x64 = ReleaseWindows|x64
		ReleaseWindows|x86 = ReleaseWindows|x86
	EndGlobalSection
	GlobalSection(ProjectConfigurationPlatforms) = postSolution
		{008C0F83-E914-4966-9135-EA885059EDD8}.Debug|Any CPU.ActiveCfg = ReleaseWindows|x64
		{008C0F83-E914-4966-9135-EA885059EDD8}.Debug|Any CPU.Build.0 = ReleaseWindows|x64
		{008C0F83-E914-4966-9135-EA885059EDD8}.Debug|x64.ActiveCfg = DebugWindows|x64
		{008C0F83-E914-4966-9135-EA885059EDD8}.Debug|x64.Build.0 = DebugWindows|x64
		{008C0F83-E914-4966-9135-EA885059EDD8}.Debug|x86.ActiveCfg = ReleaseWindows|x64
		{008C0F83-E914-4966-9135-EA885059EDD8}.Debug|x86.Build.0 = ReleaseWindows|x64
		{008C0F83-E914-4966-9135-EA885059EDD8}.DebugLinux|Any CPU.ActiveCfg = DebugLinux|x64
		{008C0F83-E914-4966-9135-EA885059EDD8}.DebugLinux|x64.ActiveCfg = DebugLinux|x64
		{008C0F83-E914-4966-9135-EA885059EDD8}.DebugLinux|x64.Build.0 = DebugLinux|x64
		{008C0F83-E914-4966-9135-EA885059EDD8}.DebugLinux|x86.ActiveCfg = DebugLinux|x64
		{008C0F83-E914-4966-9135-EA885059EDD8}.DebugMac|Any CPU.ActiveCfg = DebugMac|x64
		{008C0F83-E914-4966-9135-EA885059EDD8}.DebugMac|x64.ActiveCfg = DebugMac|x64
		{008C0F83-E914-4966-9135-EA885059EDD8}.DebugMac|x64.Build.0 = DebugMac|x64
		{008C0F83-E914-4966-9135-EA885059EDD8}.DebugMac|x86.ActiveCfg = DebugMac|x64
		{008C0F83-E914-4966-9135-EA885059EDD8}.DebugWindows|Any CPU.ActiveCfg = DebugWindows|x64
		{008C0F83-E914-4966-9135-EA885059EDD8}.DebugWindows|x64.ActiveCfg = DebugWindows|x64
		{008C0F83-E914-4966-9135-EA885059EDD8}.DebugWindows|x64.Build.0 = DebugWindows|x64
		{008C0F83-E914-4966-9135-EA885059EDD8}.DebugWindows|x86.ActiveCfg = DebugWindows|x64
		{008C0F83-E914-4966-9135-EA885059EDD8}.Release|Any CPU.ActiveCfg = ReleaseWindows|x64
		{008C0F83-E914-4966-9135-EA885059EDD8}.Release|Any CPU.Build.0 = ReleaseWindows|x64
		{008C0F83-E914-4966-9135-EA885059EDD8}.Release|x64.ActiveCfg = ReleaseWindows|x64
		{008C0F83-E914-4966-9135-EA885059EDD8}.Release|x64.Build.0 = ReleaseWindows|x64
		{008C0F83-E914-4966-9135-EA885059EDD8}.Release|x86.ActiveCfg = ReleaseWindows|x64
		{008C0F83-E914-4966-9135-EA885059EDD8}.Release|x86.Build.0 = ReleaseWindows|x64
		{008C0F83-E914-4966-9135-EA885059EDD8}.ReleaseLinux|Any CPU.ActiveCfg = ReleaseLinux|x64
		{008C0F83-E914-4966-9135-EA885059EDD8}.ReleaseLinux|x64.ActiveCfg = ReleaseLinux|x64
		{008C0F83-E914-4966-9135-EA885059EDD8}.ReleaseLinux|x64.Build.0 = ReleaseLinux|x64
		{008C0F83-E914-4966-9135-EA885059EDD8}.ReleaseLinux|x86.ActiveCfg = ReleaseLinux|x64
		{008C0F83-E914-4966-9135-EA885059EDD8}.ReleaseMac|Any CPU.ActiveCfg = ReleaseMac|x64
		{008C0F83-E914-4966-9135-EA885059EDD8}.ReleaseMac|x64.ActiveCfg = ReleaseMac|x64
		{008C0F83-E914-4966-9135-EA885059EDD8}.ReleaseMac|x64.Build.0 = ReleaseMac|x64
		{008C0F83-E914-4966-9135-EA885059EDD8}.ReleaseMac|x86.ActiveCfg = ReleaseMac|x64
		{008C0F83-E914-4966-9135-EA885059EDD8}.ReleaseWindows|Any CPU.ActiveCfg = ReleaseWindows|x64
		{008C0F83-E914-4966-9135-EA885059EDD8}.ReleaseWindows|x64.ActiveCfg = ReleaseWindows|x64
		{008C0F83-E914-4966-9135-EA885059EDD8}.ReleaseWindows|x64.Build.0 = ReleaseWindows|x64
		{008C0F83-E914-4966-9135-EA885059EDD8}.ReleaseWindows|x86.ActiveCfg = ReleaseWindows|x64
		{008C0F83-E914-4966-9135-EA885059EDD8}.DebugLinux|Any CPU.Build.0 = DebugLinux|x64
		{0AAD36E3-51A5-4A07-AB60-5C8A66BD38B7}.Debug|Any CPU.ActiveCfg = DebugWindows|Any CPU
		{0AAD36E3-51A5-4A07-AB60-5C8A66BD38B7}.Debug|Any CPU.Build.0 = DebugWindows|Any CPU
		{0AAD36E3-51A5-4A07-AB60-5C8A66BD38B7}.Debug|x64.ActiveCfg = DebugWindows|Any CPU
		{0AAD36E3-51A5-4A07-AB60-5C8A66BD38B7}.Debug|x64.Build.0 = DebugWindows|Any CPU
		{0AAD36E3-51A5-4A07-AB60-5C8A66BD38B7}.Debug|x86.ActiveCfg = DebugWindows|Any CPU
		{0AAD36E3-51A5-4A07-AB60-5C8A66BD38B7}.Debug|x86.Build.0 = DebugWindows|Any CPU
		{0AAD36E3-51A5-4A07-AB60-5C8A66BD38B7}.DebugLinux|Any CPU.ActiveCfg = DebugLinux|Any CPU
		{0AAD36E3-51A5-4A07-AB60-5C8A66BD38B7}.DebugLinux|Any CPU.Build.0 = DebugLinux|Any CPU
		{0AAD36E3-51A5-4A07-AB60-5C8A66BD38B7}.DebugLinux|x64.ActiveCfg = DebugLinux|Any CPU
		{0AAD36E3-51A5-4A07-AB60-5C8A66BD38B7}.DebugLinux|x64.Build.0 = DebugLinux|Any CPU
		{0AAD36E3-51A5-4A07-AB60-5C8A66BD38B7}.DebugLinux|x86.ActiveCfg = DebugLinux|Any CPU
		{0AAD36E3-51A5-4A07-AB60-5C8A66BD38B7}.DebugLinux|x86.Build.0 = DebugLinux|Any CPU
		{0AAD36E3-51A5-4A07-AB60-5C8A66BD38B7}.DebugMac|Any CPU.ActiveCfg = DebugMac|Any CPU
		{0AAD36E3-51A5-4A07-AB60-5C8A66BD38B7}.DebugMac|Any CPU.Build.0 = DebugMac|Any CPU
		{0AAD36E3-51A5-4A07-AB60-5C8A66BD38B7}.DebugMac|x64.ActiveCfg = DebugMac|Any CPU
		{0AAD36E3-51A5-4A07-AB60-5C8A66BD38B7}.DebugMac|x64.Build.0 = DebugMac|Any CPU
		{0AAD36E3-51A5-4A07-AB60-5C8A66BD38B7}.DebugMac|x86.ActiveCfg = DebugMac|Any CPU
		{0AAD36E3-51A5-4A07-AB60-5C8A66BD38B7}.DebugMac|x86.Build.0 = DebugMac|Any CPU
		{0AAD36E3-51A5-4A07-AB60-5C8A66BD38B7}.DebugWindows|Any CPU.ActiveCfg = DebugWindows|Any CPU
		{0AAD36E3-51A5-4A07-AB60-5C8A66BD38B7}.DebugWindows|Any CPU.Build.0 = DebugWindows|Any CPU
		{0AAD36E3-51A5-4A07-AB60-5C8A66BD38B7}.DebugWindows|x64.ActiveCfg = DebugWindows|Any CPU
		{0AAD36E3-51A5-4A07-AB60-5C8A66BD38B7}.DebugWindows|x64.Build.0 = DebugWindows|Any CPU
		{0AAD36E3-51A5-4A07-AB60-5C8A66BD38B7}.DebugWindows|x86.ActiveCfg = DebugWindows|Any CPU
		{0AAD36E3-51A5-4A07-AB60-5C8A66BD38B7}.DebugWindows|x86.Build.0 = DebugWindows|Any CPU
		{0AAD36E3-51A5-4A07-AB60-5C8A66BD38B7}.Release|Any CPU.ActiveCfg = ReleaseWindows|Any CPU
		{0AAD36E3-51A5-4A07-AB60-5C8A66BD38B7}.Release|Any CPU.Build.0 = ReleaseWindows|Any CPU
		{0AAD36E3-51A5-4A07-AB60-5C8A66BD38B7}.Release|x64.ActiveCfg = ReleaseWindows|Any CPU
		{0AAD36E3-51A5-4A07-AB60-5C8A66BD38B7}.Release|x64.Build.0 = ReleaseWindows|Any CPU
		{0AAD36E3-51A5-4A07-AB60-5C8A66BD38B7}.Release|x86.ActiveCfg = ReleaseWindows|Any CPU
		{0AAD36E3-51A5-4A07-AB60-5C8A66BD38B7}.Release|x86.Build.0 = ReleaseWindows|Any CPU
		{0AAD36E3-51A5-4A07-AB60-5C8A66BD38B7}.ReleaseLinux|Any CPU.ActiveCfg = ReleaseLinux|Any CPU
		{0AAD36E3-51A5-4A07-AB60-5C8A66BD38B7}.ReleaseLinux|Any CPU.Build.0 = ReleaseLinux|Any CPU
		{0AAD36E3-51A5-4A07-AB60-5C8A66BD38B7}.ReleaseLinux|x64.ActiveCfg = ReleaseLinux|Any CPU
		{0AAD36E3-51A5-4A07-AB60-5C8A66BD38B7}.ReleaseLinux|x64.Build.0 = ReleaseLinux|Any CPU
		{0AAD36E3-51A5-4A07-AB60-5C8A66BD38B7}.ReleaseLinux|x86.ActiveCfg = ReleaseLinux|Any CPU
		{0AAD36E3-51A5-4A07-AB60-5C8A66BD38B7}.ReleaseLinux|x86.Build.0 = ReleaseLinux|Any CPU
		{0AAD36E3-51A5-4A07-AB60-5C8A66BD38B7}.ReleaseMac|Any CPU.ActiveCfg = ReleaseMac|Any CPU
		{0AAD36E3-51A5-4A07-AB60-5C8A66BD38B7}.ReleaseMac|Any CPU.Build.0 = ReleaseMac|Any CPU
		{0AAD36E3-51A5-4A07-AB60-5C8A66BD38B7}.ReleaseMac|x64.ActiveCfg = ReleaseMac|Any CPU
		{0AAD36E3-51A5-4A07-AB60-5C8A66BD38B7}.ReleaseMac|x64.Build.0 = ReleaseMac|Any CPU
		{0AAD36E3-51A5-4A07-AB60-5C8A66BD38B7}.ReleaseMac|x86.ActiveCfg = ReleaseMac|Any CPU
		{0AAD36E3-51A5-4A07-AB60-5C8A66BD38B7}.ReleaseMac|x86.Build.0 = ReleaseMac|Any CPU
		{0AAD36E3-51A5-4A07-AB60-5C8A66BD38B7}.ReleaseWindows|Any CPU.ActiveCfg = ReleaseWindows|Any CPU
		{0AAD36E3-51A5-4A07-AB60-5C8A66BD38B7}.ReleaseWindows|Any CPU.Build.0 = ReleaseWindows|Any CPU
		{0AAD36E3-51A5-4A07-AB60-5C8A66BD38B7}.ReleaseWindows|x64.ActiveCfg = ReleaseWindows|Any CPU
		{0AAD36E3-51A5-4A07-AB60-5C8A66BD38B7}.ReleaseWindows|x64.Build.0 = ReleaseWindows|Any CPU
		{0AAD36E3-51A5-4A07-AB60-5C8A66BD38B7}.ReleaseWindows|x86.ActiveCfg = ReleaseWindows|Any CPU
		{0AAD36E3-51A5-4A07-AB60-5C8A66BD38B7}.ReleaseWindows|x86.Build.0 = ReleaseWindows|Any CPU
		{49BA1C69-6104-41AC-A5D8-B54FA9F696E8}.Debug|Any CPU.ActiveCfg = Debug|Any CPU
		{49BA1C69-6104-41AC-A5D8-B54FA9F696E8}.Debug|Any CPU.Build.0 = Debug|Any CPU
		{49BA1C69-6104-41AC-A5D8-B54FA9F696E8}.Debug|x64.ActiveCfg = Debug|Any CPU
		{49BA1C69-6104-41AC-A5D8-B54FA9F696E8}.Debug|x64.Build.0 = Debug|Any CPU
		{49BA1C69-6104-41AC-A5D8-B54FA9F696E8}.Debug|x86.ActiveCfg = Debug|Any CPU
		{49BA1C69-6104-41AC-A5D8-B54FA9F696E8}.Debug|x86.Build.0 = Debug|Any CPU
		{49BA1C69-6104-41AC-A5D8-B54FA9F696E8}.DebugLinux|Any CPU.ActiveCfg = Debug|Any CPU
		{49BA1C69-6104-41AC-A5D8-B54FA9F696E8}.DebugLinux|Any CPU.Build.0 = Debug|Any CPU
		{49BA1C69-6104-41AC-A5D8-B54FA9F696E8}.DebugLinux|x64.ActiveCfg = Debug|Any CPU
		{49BA1C69-6104-41AC-A5D8-B54FA9F696E8}.DebugLinux|x64.Build.0 = Debug|Any CPU
		{49BA1C69-6104-41AC-A5D8-B54FA9F696E8}.DebugLinux|x86.ActiveCfg = Debug|Any CPU
		{49BA1C69-6104-41AC-A5D8-B54FA9F696E8}.DebugLinux|x86.Build.0 = Debug|Any CPU
		{49BA1C69-6104-41AC-A5D8-B54FA9F696E8}.DebugMac|Any CPU.ActiveCfg = Debug|Any CPU
		{49BA1C69-6104-41AC-A5D8-B54FA9F696E8}.DebugMac|Any CPU.Build.0 = Debug|Any CPU
		{49BA1C69-6104-41AC-A5D8-B54FA9F696E8}.DebugMac|x64.ActiveCfg = Debug|Any CPU
		{49BA1C69-6104-41AC-A5D8-B54FA9F696E8}.DebugMac|x64.Build.0 = Debug|Any CPU
		{49BA1C69-6104-41AC-A5D8-B54FA9F696E8}.DebugMac|x86.ActiveCfg = Debug|Any CPU
		{49BA1C69-6104-41AC-A5D8-B54FA9F696E8}.DebugMac|x86.Build.0 = Debug|Any CPU
		{49BA1C69-6104-41AC-A5D8-B54FA9F696E8}.DebugWindows|Any CPU.ActiveCfg = Debug|Any CPU
		{49BA1C69-6104-41AC-A5D8-B54FA9F696E8}.DebugWindows|Any CPU.Build.0 = Debug|Any CPU
		{49BA1C69-6104-41AC-A5D8-B54FA9F696E8}.DebugWindows|x64.ActiveCfg = Debug|Any CPU
		{49BA1C69-6104-41AC-A5D8-B54FA9F696E8}.DebugWindows|x64.Build.0 = Debug|Any CPU
		{49BA1C69-6104-41AC-A5D8-B54FA9F696E8}.DebugWindows|x86.ActiveCfg = Debug|Any CPU
		{49BA1C69-6104-41AC-A5D8-B54FA9F696E8}.DebugWindows|x86.Build.0 = Debug|Any CPU
		{49BA1C69-6104-41AC-A5D8-B54FA9F696E8}.Release|Any CPU.ActiveCfg = Release|Any CPU
		{49BA1C69-6104-41AC-A5D8-B54FA9F696E8}.Release|Any CPU.Build.0 = Release|Any CPU
		{49BA1C69-6104-41AC-A5D8-B54FA9F696E8}.Release|x64.ActiveCfg = Release|Any CPU
		{49BA1C69-6104-41AC-A5D8-B54FA9F696E8}.Release|x64.Build.0 = Release|Any CPU
		{49BA1C69-6104-41AC-A5D8-B54FA9F696E8}.Release|x86.ActiveCfg = Release|Any CPU
		{49BA1C69-6104-41AC-A5D8-B54FA9F696E8}.Release|x86.Build.0 = Release|Any CPU
		{49BA1C69-6104-41AC-A5D8-B54FA9F696E8}.ReleaseLinux|Any CPU.ActiveCfg = Release|Any CPU
		{49BA1C69-6104-41AC-A5D8-B54FA9F696E8}.ReleaseLinux|Any CPU.Build.0 = Release|Any CPU
		{49BA1C69-6104-41AC-A5D8-B54FA9F696E8}.ReleaseLinux|x64.ActiveCfg = Release|Any CPU
		{49BA1C69-6104-41AC-A5D8-B54FA9F696E8}.ReleaseLinux|x64.Build.0 = Release|Any CPU
		{49BA1C69-6104-41AC-A5D8-B54FA9F696E8}.ReleaseLinux|x86.ActiveCfg = Release|Any CPU
		{49BA1C69-6104-41AC-A5D8-B54FA9F696E8}.ReleaseLinux|x86.Build.0 = Release|Any CPU
		{49BA1C69-6104-41AC-A5D8-B54FA9F696E8}.ReleaseMac|Any CPU.ActiveCfg = Release|Any CPU
		{49BA1C69-6104-41AC-A5D8-B54FA9F696E8}.ReleaseMac|Any CPU.Build.0 = Release|Any CPU
		{49BA1C69-6104-41AC-A5D8-B54FA9F696E8}.ReleaseMac|x64.ActiveCfg = Release|Any CPU
		{49BA1C69-6104-41AC-A5D8-B54FA9F696E8}.ReleaseMac|x64.Build.0 = Release|Any CPU
		{49BA1C69-6104-41AC-A5D8-B54FA9F696E8}.ReleaseMac|x86.ActiveCfg = Release|Any CPU
		{49BA1C69-6104-41AC-A5D8-B54FA9F696E8}.ReleaseMac|x86.Build.0 = Release|Any CPU
		{49BA1C69-6104-41AC-A5D8-B54FA9F696E8}.ReleaseWindows|Any CPU.ActiveCfg = Release|Any CPU
		{49BA1C69-6104-41AC-A5D8-B54FA9F696E8}.ReleaseWindows|Any CPU.Build.0 = Release|Any CPU
		{49BA1C69-6104-41AC-A5D8-B54FA9F696E8}.ReleaseWindows|x64.ActiveCfg = Release|Any CPU
		{49BA1C69-6104-41AC-A5D8-B54FA9F696E8}.ReleaseWindows|x64.Build.0 = Release|Any CPU
		{49BA1C69-6104-41AC-A5D8-B54FA9F696E8}.ReleaseWindows|x86.ActiveCfg = Release|Any CPU
		{49BA1C69-6104-41AC-A5D8-B54FA9F696E8}.ReleaseWindows|x86.Build.0 = Release|Any CPU
		{251AAFE1-F24B-4837-9128-9D04FCBFD528}.Debug|Any CPU.ActiveCfg = ReleaseWindows|x64
		{251AAFE1-F24B-4837-9128-9D04FCBFD528}.Debug|Any CPU.Build.0 = ReleaseWindows|x64
		{251AAFE1-F24B-4837-9128-9D04FCBFD528}.Debug|x64.ActiveCfg = DebugWindows|x64
		{251AAFE1-F24B-4837-9128-9D04FCBFD528}.Debug|x64.Build.0 = DebugWindows|x64
		{251AAFE1-F24B-4837-9128-9D04FCBFD528}.Debug|x86.ActiveCfg = ReleaseWindows|x64
		{251AAFE1-F24B-4837-9128-9D04FCBFD528}.Debug|x86.Build.0 = ReleaseWindows|x64
		{251AAFE1-F24B-4837-9128-9D04FCBFD528}.DebugLinux|Any CPU.ActiveCfg = DebugLinux|x64
		{251AAFE1-F24B-4837-9128-9D04FCBFD528}.DebugLinux|x64.ActiveCfg = DebugLinux|x64
		{251AAFE1-F24B-4837-9128-9D04FCBFD528}.DebugLinux|x64.Build.0 = DebugLinux|x64
		{251AAFE1-F24B-4837-9128-9D04FCBFD528}.DebugLinux|x86.ActiveCfg = DebugLinux|x64
		{251AAFE1-F24B-4837-9128-9D04FCBFD528}.DebugMac|Any CPU.ActiveCfg = DebugMac|x64
		{251AAFE1-F24B-4837-9128-9D04FCBFD528}.DebugMac|x64.ActiveCfg = DebugMac|x64
		{251AAFE1-F24B-4837-9128-9D04FCBFD528}.DebugMac|x64.Build.0 = DebugMac|x64
		{251AAFE1-F24B-4837-9128-9D04FCBFD528}.DebugMac|x86.ActiveCfg = DebugMac|x64
		{251AAFE1-F24B-4837-9128-9D04FCBFD528}.DebugWindows|Any CPU.ActiveCfg = DebugWindows|x64
		{251AAFE1-F24B-4837-9128-9D04FCBFD528}.DebugWindows|x64.ActiveCfg = DebugWindows|x64
		{251AAFE1-F24B-4837-9128-9D04FCBFD528}.DebugWindows|x64.Build.0 = DebugWindows|x64
		{251AAFE1-F24B-4837-9128-9D04FCBFD528}.DebugWindows|x86.ActiveCfg = DebugWindows|x64
		{251AAFE1-F24B-4837-9128-9D04FCBFD528}.Release|Any CPU.ActiveCfg = ReleaseWindows|x64
		{251AAFE1-F24B-4837-9128-9D04FCBFD528}.Release|Any CPU.Build.0 = ReleaseWindows|x64
		{251AAFE1-F24B-4837-9128-9D04FCBFD528}.Release|x64.ActiveCfg = ReleaseWindows|x64
		{251AAFE1-F24B-4837-9128-9D04FCBFD528}.Release|x64.Build.0 = ReleaseWindows|x64
		{251AAFE1-F24B-4837-9128-9D04FCBFD528}.Release|x86.ActiveCfg = ReleaseWindows|x64
		{251AAFE1-F24B-4837-9128-9D04FCBFD528}.Release|x86.Build.0 = ReleaseWindows|x64
		{251AAFE1-F24B-4837-9128-9D04FCBFD528}.ReleaseLinux|Any CPU.ActiveCfg = ReleaseLinux|x64
		{251AAFE1-F24B-4837-9128-9D04FCBFD528}.ReleaseLinux|x64.ActiveCfg = ReleaseLinux|x64
		{251AAFE1-F24B-4837-9128-9D04FCBFD528}.ReleaseLinux|x64.Build.0 = ReleaseLinux|x64
		{251AAFE1-F24B-4837-9128-9D04FCBFD528}.ReleaseLinux|x86.ActiveCfg = ReleaseLinux|x64
		{251AAFE1-F24B-4837-9128-9D04FCBFD528}.ReleaseMac|Any CPU.ActiveCfg = ReleaseMac|x64
		{251AAFE1-F24B-4837-9128-9D04FCBFD528}.ReleaseMac|x64.ActiveCfg = ReleaseMac|x64
		{251AAFE1-F24B-4837-9128-9D04FCBFD528}.ReleaseMac|x64.Build.0 = ReleaseMac|x64
		{251AAFE1-F24B-4837-9128-9D04FCBFD528}.ReleaseMac|x86.ActiveCfg = ReleaseMac|x64
		{251AAFE1-F24B-4837-9128-9D04FCBFD528}.ReleaseWindows|Any CPU.ActiveCfg = ReleaseWindows|x64
		{251AAFE1-F24B-4837-9128-9D04FCBFD528}.ReleaseWindows|x64.ActiveCfg = ReleaseWindows|x64
		{251AAFE1-F24B-4837-9128-9D04FCBFD528}.ReleaseWindows|x64.Build.0 = ReleaseWindows|x64
		{251AAFE1-F24B-4837-9128-9D04FCBFD528}.ReleaseWindows|x86.ActiveCfg = ReleaseWindows|x64
		{251AAFE1-F24B-4837-9128-9D04FCBFD528}.DebugLinux|Any CPU.Build.0 = DebugLinux|x64
		{3B8F9EDB-6E5E-450C-ABC2-EC49075D0B50}.Debug|Any CPU.ActiveCfg = Debug|Any CPU
		{3B8F9EDB-6E5E-450C-ABC2-EC49075D0B50}.Debug|Any CPU.Build.0 = Debug|Any CPU
		{3B8F9EDB-6E5E-450C-ABC2-EC49075D0B50}.Debug|x64.ActiveCfg = Debug|Any CPU
		{3B8F9EDB-6E5E-450C-ABC2-EC49075D0B50}.Debug|x64.Build.0 = Debug|Any CPU
		{3B8F9EDB-6E5E-450C-ABC2-EC49075D0B50}.Debug|x86.ActiveCfg = Debug|Any CPU
		{3B8F9EDB-6E5E-450C-ABC2-EC49075D0B50}.Debug|x86.Build.0 = Debug|Any CPU
		{3B8F9EDB-6E5E-450C-ABC2-EC49075D0B50}.DebugLinux|Any CPU.ActiveCfg = Debug|Any CPU
		{3B8F9EDB-6E5E-450C-ABC2-EC49075D0B50}.DebugLinux|Any CPU.Build.0 = Debug|Any CPU
		{3B8F9EDB-6E5E-450C-ABC2-EC49075D0B50}.DebugLinux|x64.ActiveCfg = Debug|Any CPU
		{3B8F9EDB-6E5E-450C-ABC2-EC49075D0B50}.DebugLinux|x64.Build.0 = Debug|Any CPU
		{3B8F9EDB-6E5E-450C-ABC2-EC49075D0B50}.DebugLinux|x86.ActiveCfg = Debug|Any CPU
		{3B8F9EDB-6E5E-450C-ABC2-EC49075D0B50}.DebugLinux|x86.Build.0 = Debug|Any CPU
		{3B8F9EDB-6E5E-450C-ABC2-EC49075D0B50}.DebugMac|Any CPU.ActiveCfg = Debug|Any CPU
		{3B8F9EDB-6E5E-450C-ABC2-EC49075D0B50}.DebugMac|Any CPU.Build.0 = Debug|Any CPU
		{3B8F9EDB-6E5E-450C-ABC2-EC49075D0B50}.DebugMac|x64.ActiveCfg = Debug|Any CPU
		{3B8F9EDB-6E5E-450C-ABC2-EC49075D0B50}.DebugMac|x64.Build.0 = Debug|Any CPU
		{3B8F9EDB-6E5E-450C-ABC2-EC49075D0B50}.DebugMac|x86.ActiveCfg = Debug|Any CPU
		{3B8F9EDB-6E5E-450C-ABC2-EC49075D0B50}.DebugMac|x86.Build.0 = Debug|Any CPU
		{3B8F9EDB-6E5E-450C-ABC2-EC49075D0B50}.DebugWindows|Any CPU.ActiveCfg = Debug|Any CPU
		{3B8F9EDB-6E5E-450C-ABC2-EC49075D0B50}.DebugWindows|Any CPU.Build.0 = Debug|Any CPU
		{3B8F9EDB-6E5E-450C-ABC2-EC49075D0B50}.DebugWindows|x64.ActiveCfg = Debug|Any CPU
		{3B8F9EDB-6E5E-450C-ABC2-EC49075D0B50}.DebugWindows|x64.Build.0 = Debug|Any CPU
		{3B8F9EDB-6E5E-450C-ABC2-EC49075D0B50}.DebugWindows|x86.ActiveCfg = Debug|Any CPU
		{3B8F9EDB-6E5E-450C-ABC2-EC49075D0B50}.DebugWindows|x86.Build.0 = Debug|Any CPU
		{3B8F9EDB-6E5E-450C-ABC2-EC49075D0B50}.Release|Any CPU.ActiveCfg = Release|Any CPU
		{3B8F9EDB-6E5E-450C-ABC2-EC49075D0B50}.Release|Any CPU.Build.0 = Release|Any CPU
		{3B8F9EDB-6E5E-450C-ABC2-EC49075D0B50}.Release|x64.ActiveCfg = Release|Any CPU
		{3B8F9EDB-6E5E-450C-ABC2-EC49075D0B50}.Release|x64.Build.0 = Release|Any CPU
		{3B8F9EDB-6E5E-450C-ABC2-EC49075D0B50}.Release|x86.ActiveCfg = Release|Any CPU
		{3B8F9EDB-6E5E-450C-ABC2-EC49075D0B50}.Release|x86.Build.0 = Release|Any CPU
		{3B8F9EDB-6E5E-450C-ABC2-EC49075D0B50}.ReleaseLinux|Any CPU.ActiveCfg = Release|Any CPU
		{3B8F9EDB-6E5E-450C-ABC2-EC49075D0B50}.ReleaseLinux|Any CPU.Build.0 = Release|Any CPU
		{3B8F9EDB-6E5E-450C-ABC2-EC49075D0B50}.ReleaseLinux|x64.ActiveCfg = Release|Any CPU
		{3B8F9EDB-6E5E-450C-ABC2-EC49075D0B50}.ReleaseLinux|x64.Build.0 = Release|Any CPU
		{3B8F9EDB-6E5E-450C-ABC2-EC49075D0B50}.ReleaseLinux|x86.ActiveCfg = Release|Any CPU
		{3B8F9EDB-6E5E-450C-ABC2-EC49075D0B50}.ReleaseLinux|x86.Build.0 = Release|Any CPU
		{3B8F9EDB-6E5E-450C-ABC2-EC49075D0B50}.ReleaseMac|Any CPU.ActiveCfg = Release|Any CPU
		{3B8F9EDB-6E5E-450C-ABC2-EC49075D0B50}.ReleaseMac|Any CPU.Build.0 = Release|Any CPU
		{3B8F9EDB-6E5E-450C-ABC2-EC49075D0B50}.ReleaseMac|x64.ActiveCfg = Release|Any CPU
		{3B8F9EDB-6E5E-450C-ABC2-EC49075D0B50}.ReleaseMac|x64.Build.0 = Release|Any CPU
		{3B8F9EDB-6E5E-450C-ABC2-EC49075D0B50}.ReleaseMac|x86.ActiveCfg = Release|Any CPU
		{3B8F9EDB-6E5E-450C-ABC2-EC49075D0B50}.ReleaseMac|x86.Build.0 = Release|Any CPU
		{3B8F9EDB-6E5E-450C-ABC2-EC49075D0B50}.ReleaseWindows|Any CPU.ActiveCfg = Release|Any CPU
		{3B8F9EDB-6E5E-450C-ABC2-EC49075D0B50}.ReleaseWindows|Any CPU.Build.0 = Release|Any CPU
		{3B8F9EDB-6E5E-450C-ABC2-EC49075D0B50}.ReleaseWindows|x64.ActiveCfg = Release|Any CPU
		{3B8F9EDB-6E5E-450C-ABC2-EC49075D0B50}.ReleaseWindows|x64.Build.0 = Release|Any CPU
		{3B8F9EDB-6E5E-450C-ABC2-EC49075D0B50}.ReleaseWindows|x86.ActiveCfg = Release|Any CPU
		{3B8F9EDB-6E5E-450C-ABC2-EC49075D0B50}.ReleaseWindows|x86.Build.0 = Release|Any CPU
		{C293DB32-FA42-486D-B128-5A12522FAE4E}.Debug|Any CPU.ActiveCfg = Debug|Any CPU
		{C293DB32-FA42-486D-B128-5A12522FAE4E}.Debug|Any CPU.Build.0 = Debug|Any CPU
		{C293DB32-FA42-486D-B128-5A12522FAE4E}.Debug|x64.ActiveCfg = Debug|Any CPU
		{C293DB32-FA42-486D-B128-5A12522FAE4E}.Debug|x64.Build.0 = Debug|Any CPU
		{C293DB32-FA42-486D-B128-5A12522FAE4E}.Debug|x86.ActiveCfg = Debug|Any CPU
		{C293DB32-FA42-486D-B128-5A12522FAE4E}.Debug|x86.Build.0 = Debug|Any CPU
		{C293DB32-FA42-486D-B128-5A12522FAE4E}.DebugLinux|Any CPU.ActiveCfg = Debug|Any CPU
		{C293DB32-FA42-486D-B128-5A12522FAE4E}.DebugLinux|Any CPU.Build.0 = Debug|Any CPU
		{C293DB32-FA42-486D-B128-5A12522FAE4E}.DebugLinux|x64.ActiveCfg = Debug|Any CPU
		{C293DB32-FA42-486D-B128-5A12522FAE4E}.DebugLinux|x64.Build.0 = Debug|Any CPU
		{C293DB32-FA42-486D-B128-5A12522FAE4E}.DebugLinux|x86.ActiveCfg = Debug|Any CPU
		{C293DB32-FA42-486D-B128-5A12522FAE4E}.DebugLinux|x86.Build.0 = Debug|Any CPU
		{C293DB32-FA42-486D-B128-5A12522FAE4E}.DebugMac|Any CPU.ActiveCfg = Debug|Any CPU
		{C293DB32-FA42-486D-B128-5A12522FAE4E}.DebugMac|Any CPU.Build.0 = Debug|Any CPU
		{C293DB32-FA42-486D-B128-5A12522FAE4E}.DebugMac|x64.ActiveCfg = Debug|Any CPU
		{C293DB32-FA42-486D-B128-5A12522FAE4E}.DebugMac|x64.Build.0 = Debug|Any CPU
		{C293DB32-FA42-486D-B128-5A12522FAE4E}.DebugMac|x86.ActiveCfg = Debug|Any CPU
		{C293DB32-FA42-486D-B128-5A12522FAE4E}.DebugMac|x86.Build.0 = Debug|Any CPU
		{C293DB32-FA42-486D-B128-5A12522FAE4E}.DebugWindows|Any CPU.ActiveCfg = Debug|Any CPU
		{C293DB32-FA42-486D-B128-5A12522FAE4E}.DebugWindows|Any CPU.Build.0 = Debug|Any CPU
		{C293DB32-FA42-486D-B128-5A12522FAE4E}.DebugWindows|x64.ActiveCfg = Debug|Any CPU
		{C293DB32-FA42-486D-B128-5A12522FAE4E}.DebugWindows|x64.Build.0 = Debug|Any CPU
		{C293DB32-FA42-486D-B128-5A12522FAE4E}.DebugWindows|x86.ActiveCfg = Debug|Any CPU
		{C293DB32-FA42-486D-B128-5A12522FAE4E}.DebugWindows|x86.Build.0 = Debug|Any CPU
		{C293DB32-FA42-486D-B128-5A12522FAE4E}.Release|Any CPU.ActiveCfg = Release|Any CPU
		{C293DB32-FA42-486D-B128-5A12522FAE4E}.Release|Any CPU.Build.0 = Release|Any CPU
		{C293DB32-FA42-486D-B128-5A12522FAE4E}.Release|x64.ActiveCfg = Release|Any CPU
		{C293DB32-FA42-486D-B128-5A12522FAE4E}.Release|x64.Build.0 = Release|Any CPU
		{C293DB32-FA42-486D-B128-5A12522FAE4E}.Release|x86.ActiveCfg = Release|Any CPU
		{C293DB32-FA42-486D-B128-5A12522FAE4E}.Release|x86.Build.0 = Release|Any CPU
		{C293DB32-FA42-486D-B128-5A12522FAE4E}.ReleaseLinux|Any CPU.ActiveCfg = Release|Any CPU
		{C293DB32-FA42-486D-B128-5A12522FAE4E}.ReleaseLinux|Any CPU.Build.0 = Release|Any CPU
		{C293DB32-FA42-486D-B128-5A12522FAE4E}.ReleaseLinux|x64.ActiveCfg = Release|Any CPU
		{C293DB32-FA42-486D-B128-5A12522FAE4E}.ReleaseLinux|x64.Build.0 = Release|Any CPU
		{C293DB32-FA42-486D-B128-5A12522FAE4E}.ReleaseLinux|x86.ActiveCfg = Release|Any CPU
		{C293DB32-FA42-486D-B128-5A12522FAE4E}.ReleaseLinux|x86.Build.0 = Release|Any CPU
		{C293DB32-FA42-486D-B128-5A12522FAE4E}.ReleaseMac|Any CPU.ActiveCfg = Release|Any CPU
		{C293DB32-FA42-486D-B128-5A12522FAE4E}.ReleaseMac|Any CPU.Build.0 = Release|Any CPU
		{C293DB32-FA42-486D-B128-5A12522FAE4E}.ReleaseMac|x64.ActiveCfg = Release|Any CPU
		{C293DB32-FA42-486D-B128-5A12522FAE4E}.ReleaseMac|x64.Build.0 = Release|Any CPU
		{C293DB32-FA42-486D-B128-5A12522FAE4E}.ReleaseMac|x86.ActiveCfg = Release|Any CPU
		{C293DB32-FA42-486D-B128-5A12522FAE4E}.ReleaseMac|x86.Build.0 = Release|Any CPU
		{C293DB32-FA42-486D-B128-5A12522FAE4E}.ReleaseWindows|Any CPU.ActiveCfg = Release|Any CPU
		{C293DB32-FA42-486D-B128-5A12522FAE4E}.ReleaseWindows|Any CPU.Build.0 = Release|Any CPU
		{C293DB32-FA42-486D-B128-5A12522FAE4E}.ReleaseWindows|x64.ActiveCfg = Release|Any CPU
		{C293DB32-FA42-486D-B128-5A12522FAE4E}.ReleaseWindows|x64.Build.0 = Release|Any CPU
		{C293DB32-FA42-486D-B128-5A12522FAE4E}.ReleaseWindows|x86.ActiveCfg = Release|Any CPU
		{C293DB32-FA42-486D-B128-5A12522FAE4E}.ReleaseWindows|x86.Build.0 = Release|Any CPU
		{85232B20-074D-4723-B0C6-91495391E448}.Debug|Any CPU.ActiveCfg = ReleaseWindows|x64
		{85232B20-074D-4723-B0C6-91495391E448}.Debug|Any CPU.Build.0 = ReleaseWindows|x64
		{85232B20-074D-4723-B0C6-91495391E448}.Debug|x64.ActiveCfg = DebugWindows|x64
		{85232B20-074D-4723-B0C6-91495391E448}.Debug|x64.Build.0 = DebugWindows|x64
		{85232B20-074D-4723-B0C6-91495391E448}.Debug|x86.ActiveCfg = ReleaseWindows|x64
		{85232B20-074D-4723-B0C6-91495391E448}.Debug|x86.Build.0 = ReleaseWindows|x64
		{85232B20-074D-4723-B0C6-91495391E448}.DebugLinux|Any CPU.ActiveCfg = DebugLinux|x64
		{85232B20-074D-4723-B0C6-91495391E448}.DebugLinux|x64.ActiveCfg = DebugLinux|x64
		{85232B20-074D-4723-B0C6-91495391E448}.DebugLinux|x64.Build.0 = DebugLinux|x64
		{85232B20-074D-4723-B0C6-91495391E448}.DebugLinux|x86.ActiveCfg = DebugLinux|x64
		{85232B20-074D-4723-B0C6-91495391E448}.DebugMac|Any CPU.ActiveCfg = DebugMac|x64
		{85232B20-074D-4723-B0C6-91495391E448}.DebugMac|x64.ActiveCfg = DebugMac|x64
		{85232B20-074D-4723-B0C6-91495391E448}.DebugMac|x64.Build.0 = DebugMac|x64
		{85232B20-074D-4723-B0C6-91495391E448}.DebugMac|x86.ActiveCfg = DebugMac|x64
		{85232B20-074D-4723-B0C6-91495391E448}.DebugWindows|Any CPU.ActiveCfg = DebugWindows|x64
		{85232B20-074D-4723-B0C6-91495391E448}.DebugWindows|x64.ActiveCfg = DebugWindows|x64
		{85232B20-074D-4723-B0C6-91495391E448}.DebugWindows|x64.Build.0 = DebugWindows|x64
		{85232B20-074D-4723-B0C6-91495391E448}.DebugWindows|x86.ActiveCfg = DebugWindows|x64
		{85232B20-074D-4723-B0C6-91495391E448}.Release|Any CPU.ActiveCfg = ReleaseWindows|x64
		{85232B20-074D-4723-B0C6-91495391E448}.Release|Any CPU.Build.0 = ReleaseWindows|x64
		{85232B20-074D-4723-B0C6-91495391E448}.Release|x64.ActiveCfg = ReleaseWindows|x64
		{85232B20-074D-4723-B0C6-91495391E448}.Release|x64.Build.0 = ReleaseWindows|x64
		{85232B20-074D-4723-B0C6-91495391E448}.Release|x86.ActiveCfg = ReleaseWindows|x64
		{85232B20-074D-4723-B0C6-91495391E448}.Release|x86.Build.0 = ReleaseWindows|x64
		{85232B20-074D-4723-B0C6-91495391E448}.ReleaseLinux|Any CPU.ActiveCfg = ReleaseLinux|x64
		{85232B20-074D-4723-B0C6-91495391E448}.ReleaseLinux|x64.ActiveCfg = ReleaseLinux|x64
		{85232B20-074D-4723-B0C6-91495391E448}.ReleaseLinux|x64.Build.0 = ReleaseLinux|x64
		{85232B20-074D-4723-B0C6-91495391E448}.ReleaseLinux|x86.ActiveCfg = ReleaseLinux|x64
		{85232B20-074D-4723-B0C6-91495391E448}.ReleaseMac|Any CPU.ActiveCfg = ReleaseMac|x64
		{85232B20-074D-4723-B0C6-91495391E448}.ReleaseMac|x64.ActiveCfg = ReleaseMac|x64
		{85232B20-074D-4723-B0C6-91495391E448}.ReleaseMac|x64.Build.0 = ReleaseMac|x64
		{85232B20-074D-4723-B0C6-91495391E448}.ReleaseMac|x86.ActiveCfg = ReleaseMac|x64
		{85232B20-074D-4723-B0C6-91495391E448}.ReleaseWindows|Any CPU.ActiveCfg = ReleaseWindows|x64
		{85232B20-074D-4723-B0C6-91495391E448}.ReleaseWindows|x64.ActiveCfg = ReleaseWindows|x64
		{85232B20-074D-4723-B0C6-91495391E448}.ReleaseWindows|x64.Build.0 = ReleaseWindows|x64
		{85232B20-074D-4723-B0C6-91495391E448}.ReleaseWindows|x86.ActiveCfg = ReleaseWindows|x64
		{85232B20-074D-4723-B0C6-91495391E448}.DebugLinux|Any CPU.Build.0 = DebugLinux|x64
		{A4610E4C-DD34-428B-BABB-779CA0B5993A}.Debug|Any CPU.ActiveCfg = Debug|Any CPU
		{A4610E4C-DD34-428B-BABB-779CA0B5993A}.Debug|Any CPU.Build.0 = Debug|Any CPU
		{A4610E4C-DD34-428B-BABB-779CA0B5993A}.Debug|x64.ActiveCfg = Debug|Any CPU
		{A4610E4C-DD34-428B-BABB-779CA0B5993A}.Debug|x64.Build.0 = Debug|Any CPU
		{A4610E4C-DD34-428B-BABB-779CA0B5993A}.Debug|x86.ActiveCfg = Debug|Any CPU
		{A4610E4C-DD34-428B-BABB-779CA0B5993A}.Debug|x86.Build.0 = Debug|Any CPU
		{A4610E4C-DD34-428B-BABB-779CA0B5993A}.DebugLinux|Any CPU.ActiveCfg = Debug|Any CPU
		{A4610E4C-DD34-428B-BABB-779CA0B5993A}.DebugLinux|Any CPU.Build.0 = Debug|Any CPU
		{A4610E4C-DD34-428B-BABB-779CA0B5993A}.DebugLinux|x64.ActiveCfg = Debug|Any CPU
		{A4610E4C-DD34-428B-BABB-779CA0B5993A}.DebugLinux|x64.Build.0 = Debug|Any CPU
		{A4610E4C-DD34-428B-BABB-779CA0B5993A}.DebugLinux|x86.ActiveCfg = Debug|Any CPU
		{A4610E4C-DD34-428B-BABB-779CA0B5993A}.DebugLinux|x86.Build.0 = Debug|Any CPU
		{A4610E4C-DD34-428B-BABB-779CA0B5993A}.DebugMac|Any CPU.ActiveCfg = Debug|Any CPU
		{A4610E4C-DD34-428B-BABB-779CA0B5993A}.DebugMac|Any CPU.Build.0 = Debug|Any CPU
		{A4610E4C-DD34-428B-BABB-779CA0B5993A}.DebugMac|x64.ActiveCfg = Debug|Any CPU
		{A4610E4C-DD34-428B-BABB-779CA0B5993A}.DebugMac|x64.Build.0 = Debug|Any CPU
		{A4610E4C-DD34-428B-BABB-779CA0B5993A}.DebugMac|x86.ActiveCfg = Debug|Any CPU
		{A4610E4C-DD34-428B-BABB-779CA0B5993A}.DebugMac|x86.Build.0 = Debug|Any CPU
		{A4610E4C-DD34-428B-BABB-779CA0B5993A}.DebugWindows|Any CPU.ActiveCfg = Debug|Any CPU
		{A4610E4C-DD34-428B-BABB-779CA0B5993A}.DebugWindows|Any CPU.Build.0 = Debug|Any CPU
		{A4610E4C-DD34-428B-BABB-779CA0B5993A}.DebugWindows|x64.ActiveCfg = Debug|Any CPU
		{A4610E4C-DD34-428B-BABB-779CA0B5993A}.DebugWindows|x64.Build.0 = Debug|Any CPU
		{A4610E4C-DD34-428B-BABB-779CA0B5993A}.DebugWindows|x86.ActiveCfg = Debug|Any CPU
		{A4610E4C-DD34-428B-BABB-779CA0B5993A}.DebugWindows|x86.Build.0 = Debug|Any CPU
		{A4610E4C-DD34-428B-BABB-779CA0B5993A}.Release|Any CPU.ActiveCfg = Release|Any CPU
		{A4610E4C-DD34-428B-BABB-779CA0B5993A}.Release|Any CPU.Build.0 = Release|Any CPU
		{A4610E4C-DD34-428B-BABB-779CA0B5993A}.Release|x64.ActiveCfg = Release|Any CPU
		{A4610E4C-DD34-428B-BABB-779CA0B5993A}.Release|x64.Build.0 = Release|Any CPU
		{A4610E4C-DD34-428B-BABB-779CA0B5993A}.Release|x86.ActiveCfg = Release|Any CPU
		{A4610E4C-DD34-428B-BABB-779CA0B5993A}.Release|x86.Build.0 = Release|Any CPU
		{A4610E4C-DD34-428B-BABB-779CA0B5993A}.ReleaseLinux|Any CPU.ActiveCfg = Release|Any CPU
		{A4610E4C-DD34-428B-BABB-779CA0B5993A}.ReleaseLinux|Any CPU.Build.0 = Release|Any CPU
		{A4610E4C-DD34-428B-BABB-779CA0B5993A}.ReleaseLinux|x64.ActiveCfg = Release|Any CPU
		{A4610E4C-DD34-428B-BABB-779CA0B5993A}.ReleaseLinux|x64.Build.0 = Release|Any CPU
		{A4610E4C-DD34-428B-BABB-779CA0B5993A}.ReleaseLinux|x86.ActiveCfg = Release|Any CPU
		{A4610E4C-DD34-428B-BABB-779CA0B5993A}.ReleaseLinux|x86.Build.0 = Release|Any CPU
		{A4610E4C-DD34-428B-BABB-779CA0B5993A}.ReleaseMac|Any CPU.ActiveCfg = Release|Any CPU
		{A4610E4C-DD34-428B-BABB-779CA0B5993A}.ReleaseMac|Any CPU.Build.0 = Release|Any CPU
		{A4610E4C-DD34-428B-BABB-779CA0B5993A}.ReleaseMac|x64.ActiveCfg = Release|Any CPU
		{A4610E4C-DD34-428B-BABB-779CA0B5993A}.ReleaseMac|x64.Build.0 = Release|Any CPU
		{A4610E4C-DD34-428B-BABB-779CA0B5993A}.ReleaseMac|x86.ActiveCfg = Release|Any CPU
		{A4610E4C-DD34-428B-BABB-779CA0B5993A}.ReleaseMac|x86.Build.0 = Release|Any CPU
		{A4610E4C-DD34-428B-BABB-779CA0B5993A}.ReleaseWindows|Any CPU.ActiveCfg = Release|Any CPU
		{A4610E4C-DD34-428B-BABB-779CA0B5993A}.ReleaseWindows|Any CPU.Build.0 = Release|Any CPU
		{A4610E4C-DD34-428B-BABB-779CA0B5993A}.ReleaseWindows|x64.ActiveCfg = Release|Any CPU
		{A4610E4C-DD34-428B-BABB-779CA0B5993A}.ReleaseWindows|x64.Build.0 = Release|Any CPU
		{A4610E4C-DD34-428B-BABB-779CA0B5993A}.ReleaseWindows|x86.ActiveCfg = Release|Any CPU
		{A4610E4C-DD34-428B-BABB-779CA0B5993A}.ReleaseWindows|x86.Build.0 = Release|Any CPU
		{3AF0347C-5A9B-4421-868C-8EE3DBFAEBC6}.Debug|Any CPU.ActiveCfg = Debug|Any CPU
		{3AF0347C-5A9B-4421-868C-8EE3DBFAEBC6}.Debug|Any CPU.Build.0 = Debug|Any CPU
		{3AF0347C-5A9B-4421-868C-8EE3DBFAEBC6}.Debug|x64.ActiveCfg = Debug|Any CPU
		{3AF0347C-5A9B-4421-868C-8EE3DBFAEBC6}.Debug|x64.Build.0 = Debug|Any CPU
		{3AF0347C-5A9B-4421-868C-8EE3DBFAEBC6}.Debug|x86.ActiveCfg = Debug|Any CPU
		{3AF0347C-5A9B-4421-868C-8EE3DBFAEBC6}.Debug|x86.Build.0 = Debug|Any CPU
		{3AF0347C-5A9B-4421-868C-8EE3DBFAEBC6}.DebugLinux|Any CPU.ActiveCfg = Debug|Any CPU
		{3AF0347C-5A9B-4421-868C-8EE3DBFAEBC6}.DebugLinux|Any CPU.Build.0 = Debug|Any CPU
		{3AF0347C-5A9B-4421-868C-8EE3DBFAEBC6}.DebugLinux|x64.ActiveCfg = Debug|Any CPU
		{3AF0347C-5A9B-4421-868C-8EE3DBFAEBC6}.DebugLinux|x64.Build.0 = Debug|Any CPU
		{3AF0347C-5A9B-4421-868C-8EE3DBFAEBC6}.DebugLinux|x86.ActiveCfg = Debug|Any CPU
		{3AF0347C-5A9B-4421-868C-8EE3DBFAEBC6}.DebugLinux|x86.Build.0 = Debug|Any CPU
		{3AF0347C-5A9B-4421-868C-8EE3DBFAEBC6}.DebugMac|Any CPU.ActiveCfg = Debug|Any CPU
		{3AF0347C-5A9B-4421-868C-8EE3DBFAEBC6}.DebugMac|Any CPU.Build.0 = Debug|Any CPU
		{3AF0347C-5A9B-4421-868C-8EE3DBFAEBC6}.DebugMac|x64.ActiveCfg = Debug|Any CPU
		{3AF0347C-5A9B-4421-868C-8EE3DBFAEBC6}.DebugMac|x64.Build.0 = Debug|Any CPU
		{3AF0347C-5A9B-4421-868C-8EE3DBFAEBC6}.DebugMac|x86.ActiveCfg = Debug|Any CPU
		{3AF0347C-5A9B-4421-868C-8EE3DBFAEBC6}.DebugMac|x86.Build.0 = Debug|Any CPU
		{3AF0347C-5A9B-4421-868C-8EE3DBFAEBC6}.DebugWindows|Any CPU.ActiveCfg = Debug|Any CPU
		{3AF0347C-5A9B-4421-868C-8EE3DBFAEBC6}.DebugWindows|Any CPU.Build.0 = Debug|Any CPU
		{3AF0347C-5A9B-4421-868C-8EE3DBFAEBC6}.DebugWindows|x64.ActiveCfg = Debug|Any CPU
		{3AF0347C-5A9B-4421-868C-8EE3DBFAEBC6}.DebugWindows|x64.Build.0 = Debug|Any CPU
		{3AF0347C-5A9B-4421-868C-8EE3DBFAEBC6}.DebugWindows|x86.ActiveCfg = Debug|Any CPU
		{3AF0347C-5A9B-4421-868C-8EE3DBFAEBC6}.DebugWindows|x86.Build.0 = Debug|Any CPU
		{3AF0347C-5A9B-4421-868C-8EE3DBFAEBC6}.Release|Any CPU.ActiveCfg = Release|Any CPU
		{3AF0347C-5A9B-4421-868C-8EE3DBFAEBC6}.Release|Any CPU.Build.0 = Release|Any CPU
		{3AF0347C-5A9B-4421-868C-8EE3DBFAEBC6}.Release|x64.ActiveCfg = Release|Any CPU
		{3AF0347C-5A9B-4421-868C-8EE3DBFAEBC6}.Release|x64.Build.0 = Release|Any CPU
		{3AF0347C-5A9B-4421-868C-8EE3DBFAEBC6}.Release|x86.ActiveCfg = Release|Any CPU
		{3AF0347C-5A9B-4421-868C-8EE3DBFAEBC6}.Release|x86.Build.0 = Release|Any CPU
		{3AF0347C-5A9B-4421-868C-8EE3DBFAEBC6}.ReleaseLinux|Any CPU.ActiveCfg = Release|Any CPU
		{3AF0347C-5A9B-4421-868C-8EE3DBFAEBC6}.ReleaseLinux|Any CPU.Build.0 = Release|Any CPU
		{3AF0347C-5A9B-4421-868C-8EE3DBFAEBC6}.ReleaseLinux|x64.ActiveCfg = Release|Any CPU
		{3AF0347C-5A9B-4421-868C-8EE3DBFAEBC6}.ReleaseLinux|x64.Build.0 = Release|Any CPU
		{3AF0347C-5A9B-4421-868C-8EE3DBFAEBC6}.ReleaseLinux|x86.ActiveCfg = Release|Any CPU
		{3AF0347C-5A9B-4421-868C-8EE3DBFAEBC6}.ReleaseLinux|x86.Build.0 = Release|Any CPU
		{3AF0347C-5A9B-4421-868C-8EE3DBFAEBC6}.ReleaseMac|Any CPU.ActiveCfg = Release|Any CPU
		{3AF0347C-5A9B-4421-868C-8EE3DBFAEBC6}.ReleaseMac|Any CPU.Build.0 = Release|Any CPU
		{3AF0347C-5A9B-4421-868C-8EE3DBFAEBC6}.ReleaseMac|x64.ActiveCfg = Release|Any CPU
		{3AF0347C-5A9B-4421-868C-8EE3DBFAEBC6}.ReleaseMac|x64.Build.0 = Release|Any CPU
		{3AF0347C-5A9B-4421-868C-8EE3DBFAEBC6}.ReleaseMac|x86.ActiveCfg = Release|Any CPU
		{3AF0347C-5A9B-4421-868C-8EE3DBFAEBC6}.ReleaseMac|x86.Build.0 = Release|Any CPU
		{3AF0347C-5A9B-4421-868C-8EE3DBFAEBC6}.ReleaseWindows|Any CPU.ActiveCfg = Release|Any CPU
		{3AF0347C-5A9B-4421-868C-8EE3DBFAEBC6}.ReleaseWindows|Any CPU.Build.0 = Release|Any CPU
		{3AF0347C-5A9B-4421-868C-8EE3DBFAEBC6}.ReleaseWindows|x64.ActiveCfg = Release|Any CPU
		{3AF0347C-5A9B-4421-868C-8EE3DBFAEBC6}.ReleaseWindows|x64.Build.0 = Release|Any CPU
		{3AF0347C-5A9B-4421-868C-8EE3DBFAEBC6}.ReleaseWindows|x86.ActiveCfg = Release|Any CPU
		{3AF0347C-5A9B-4421-868C-8EE3DBFAEBC6}.ReleaseWindows|x86.Build.0 = Release|Any CPU
	EndGlobalSection
	GlobalSection(SolutionProperties) = preSolution
		HideSolutionNode = FALSE
	EndGlobalSection
	GlobalSection(NestedProjects) = preSolution
		{008C0F83-E914-4966-9135-EA885059EDD8} = {F35DF9BF-0BED-4FEF-A51C-DD83C531882F}
		{0AAD36E3-51A5-4A07-AB60-5C8A66BD38B7} = {DE36F45F-F09E-4719-B953-00D148F7722A}
		{49BA1C69-6104-41AC-A5D8-B54FA9F696E8} = {DE36F45F-F09E-4719-B953-00D148F7722A}
		{251AAFE1-F24B-4837-9128-9D04FCBFD528} = {F35DF9BF-0BED-4FEF-A51C-DD83C531882F}
		{3B8F9EDB-6E5E-450C-ABC2-EC49075D0B50} = {DE36F45F-F09E-4719-B953-00D148F7722A}
		{C293DB32-FA42-486D-B128-5A12522FAE4E} = {DE36F45F-F09E-4719-B953-00D148F7722A}
		{2E4773B7-961A-4328-9D77-9749F9071CA2} = {DE36F45F-F09E-4719-B953-00D148F7722A}
		{85232B20-074D-4723-B0C6-91495391E448} = {F35DF9BF-0BED-4FEF-A51C-DD83C531882F}
		{561357C2-DB28-4E01-B275-6BF545F70491} = {F35DF9BF-0BED-4FEF-A51C-DD83C531882F}
		{A4610E4C-DD34-428B-BABB-779CA0B5993A} = {DE36F45F-F09E-4719-B953-00D148F7722A}
		{3AF0347C-5A9B-4421-868C-8EE3DBFAEBC6} = {DE36F45F-F09E-4719-B953-00D148F7722A}
	EndGlobalSection
	GlobalSection(ExtensibilityGlobals) = postSolution
		SolutionGuid = {17032EAB-554B-4B44-A4F6-EFB177ACAB7A}
	EndGlobalSection
	GlobalSection(MonoDevelopProperties) = preSolution
		version = 0.9.0.0
	EndGlobalSection
EndGlobal
