
Microsoft Visual Studio Solution File, Format Version 12.00
# Visual Studio Version 16
VisualStudioVersion = 16.0.29201.188
MinimumVisualStudioVersion = 10.0.40219.1
Project("{2150E333-8FDC-42A3-9474-1A3956D46DE8}") = "Solution Items", "Solution Items", "{D32A29D8-AC7B-4189-B734-8ED9EB4120D0}"
	ProjectSection(SolutionItems) = preProject
		NuGet.Config = NuGet.Config
	EndProjectSection
EndProject
Project("{2150E333-8FDC-42A3-9474-1A3956D46DE8}") = "Barotrauma", "Barotrauma", "{F35DF9BF-0BED-4FEF-A51C-DD83C531882F}"
EndProject
Project("{2150E333-8FDC-42A3-9474-1A3956D46DE8}") = "Libraries", "Libraries", "{DE36F45F-F09E-4719-B953-00D148F7722A}"
EndProject
Project("{9A19103F-16F7-4668-BE54-9A1E7A4F7556}") = "Facepunch.Steamworks.Posix", "Libraries\Facepunch.Steamworks\Facepunch.Steamworks.Posix.csproj", "{E1BBC67C-DC2A-40E8-89F3-B57299D7B16C}"
EndProject
Project("{9A19103F-16F7-4668-BE54-9A1E7A4F7556}") = "GA_SDK_NETSTANDARD", "Libraries\GameAnalytics\GA_SDK_NETSTANDARD\GA_SDK_NETSTANDARD.csproj", "{95C4D59D-9BE4-4278-B4F8-46C0BA1A3916}"
EndProject
Project("{9A19103F-16F7-4668-BE54-9A1E7A4F7556}") = "Farseer.NetStandard", "Libraries\Farseer Physics Engine 3.5\Farseer.NetStandard.csproj", "{894D3518-A0E3-4B88-B9BF-9E1AFC3F9523}"
EndProject
Project("{9A19103F-16F7-4668-BE54-9A1E7A4F7556}") = "Lidgren.NetStandard", "Libraries\Lidgren.Network\Lidgren.NetStandard.csproj", "{ED2873CA-C209-4CBC-ADD4-DAA753DFEEAF}"
EndProject
Project("{9A19103F-16F7-4668-BE54-9A1E7A4F7556}") = "Concentus.NetStandard", "Libraries\Concentus\CSharp\Concentus\Concentus.NetStandard.csproj", "{39E52316-D6C1-4D1F-95FF-37F41C9AB5A7}"
EndProject
Project("{9A19103F-16F7-4668-BE54-9A1E7A4F7556}") = "Hyper.ComponentModel.NetStandard", "Libraries\Hyper.ComponentModel\Hyper.ComponentModel.NetStandard.csproj", "{D379BF8E-D696-4AB9-A27F-4D0C493BF484}"
EndProject
Project("{9A19103F-16F7-4668-BE54-9A1E7A4F7556}") = "XNATypes", "Libraries\XNATypes\XNATypes.csproj", "{1F318AC4-F808-4130-867F-B98DF9AA8F95}"
EndProject
Project("{9A19103F-16F7-4668-BE54-9A1E7A4F7556}") = "SharpFont.NetStandard", "Libraries\SharpFont\Source\SharpFont\SharpFont.NetStandard.csproj", "{6911872D-40EF-400C-B0A1-9985A19ED488}"
EndProject
Project("{2150E333-8FDC-42A3-9474-1A3956D46DE8}") = "Linux", "Linux", "{68B18BE6-9EE0-49DA-AE3A-4C7326F768F9}"
EndProject
Project("{9A19103F-16F7-4668-BE54-9A1E7A4F7556}") = "LinuxClient", "Barotrauma\BarotraumaClient\LinuxClient.csproj", "{D47E4AAA-C3E5-4F0D-B7FF-D3B54966DE51}"
	ProjectSection(ProjectDependencies) = postProject
		{2B0881F6-9C67-4446-A1F2-FC042763A462} = {2B0881F6-9C67-4446-A1F2-FC042763A462}
	EndProjectSection
EndProject
Project("{9A19103F-16F7-4668-BE54-9A1E7A4F7556}") = "LinuxServer", "Barotrauma\BarotraumaServer\LinuxServer.csproj", "{2B0881F6-9C67-4446-A1F2-FC042763A462}"
EndProject
Project("{9A19103F-16F7-4668-BE54-9A1E7A4F7556}") = "MonoGame.Framework.Linux.NetStandard", "Libraries\MonoGame.Framework\Src\MonoGame.Framework\MonoGame.Framework.Linux.NetStandard.csproj", "{33E95A21-E071-4432-819F-AA64CF3EF3F1}"
EndProject
Global
	GlobalSection(SolutionConfigurationPlatforms) = preSolution
		Debug|Any CPU = Debug|Any CPU
		Debug|x64 = Debug|x64
		Release|Any CPU = Release|Any CPU
		Release|x64 = Release|x64
		Unstable|Any CPU = Unstable|Any CPU
		Unstable|x64 = Unstable|x64
	EndGlobalSection
	GlobalSection(ProjectConfigurationPlatforms) = postSolution
		{E1BBC67C-DC2A-40E8-89F3-B57299D7B16C}.Debug|Any CPU.ActiveCfg = Debug|Any CPU
		{E1BBC67C-DC2A-40E8-89F3-B57299D7B16C}.Debug|Any CPU.Build.0 = Debug|Any CPU
		{E1BBC67C-DC2A-40E8-89F3-B57299D7B16C}.Debug|x64.ActiveCfg = Debug|x64
		{E1BBC67C-DC2A-40E8-89F3-B57299D7B16C}.Debug|x64.Build.0 = Debug|x64
		{E1BBC67C-DC2A-40E8-89F3-B57299D7B16C}.Release|Any CPU.ActiveCfg = Release|Any CPU
		{E1BBC67C-DC2A-40E8-89F3-B57299D7B16C}.Release|Any CPU.Build.0 = Release|Any CPU
		{E1BBC67C-DC2A-40E8-89F3-B57299D7B16C}.Release|x64.ActiveCfg = Release|x64
		{E1BBC67C-DC2A-40E8-89F3-B57299D7B16C}.Release|x64.Build.0 = Release|x64
		{E1BBC67C-DC2A-40E8-89F3-B57299D7B16C}.Unstable|Any CPU.ActiveCfg = Release|Any CPU
		{E1BBC67C-DC2A-40E8-89F3-B57299D7B16C}.Unstable|Any CPU.Build.0 = Release|Any CPU
		{E1BBC67C-DC2A-40E8-89F3-B57299D7B16C}.Unstable|x64.ActiveCfg = Unstable|x64
		{E1BBC67C-DC2A-40E8-89F3-B57299D7B16C}.Unstable|x64.Build.0 = Unstable|x64
		{95C4D59D-9BE4-4278-B4F8-46C0BA1A3916}.Debug|Any CPU.ActiveCfg = Debug|Any CPU
		{95C4D59D-9BE4-4278-B4F8-46C0BA1A3916}.Debug|Any CPU.Build.0 = Debug|Any CPU
		{95C4D59D-9BE4-4278-B4F8-46C0BA1A3916}.Debug|x64.ActiveCfg = Debug|x64
		{95C4D59D-9BE4-4278-B4F8-46C0BA1A3916}.Debug|x64.Build.0 = Debug|x64
		{95C4D59D-9BE4-4278-B4F8-46C0BA1A3916}.Release|Any CPU.ActiveCfg = Release|Any CPU
		{95C4D59D-9BE4-4278-B4F8-46C0BA1A3916}.Release|Any CPU.Build.0 = Release|Any CPU
		{95C4D59D-9BE4-4278-B4F8-46C0BA1A3916}.Release|x64.ActiveCfg = Release|x64
		{95C4D59D-9BE4-4278-B4F8-46C0BA1A3916}.Release|x64.Build.0 = Release|x64
		{95C4D59D-9BE4-4278-B4F8-46C0BA1A3916}.Unstable|Any CPU.ActiveCfg = Release|Any CPU
		{95C4D59D-9BE4-4278-B4F8-46C0BA1A3916}.Unstable|Any CPU.Build.0 = Release|Any CPU
		{95C4D59D-9BE4-4278-B4F8-46C0BA1A3916}.Unstable|x64.ActiveCfg = Unstable|x64
		{95C4D59D-9BE4-4278-B4F8-46C0BA1A3916}.Unstable|x64.Build.0 = Unstable|x64
		{894D3518-A0E3-4B88-B9BF-9E1AFC3F9523}.Debug|Any CPU.ActiveCfg = Debug|Any CPU
		{894D3518-A0E3-4B88-B9BF-9E1AFC3F9523}.Debug|Any CPU.Build.0 = Debug|Any CPU
		{894D3518-A0E3-4B88-B9BF-9E1AFC3F9523}.Debug|x64.ActiveCfg = Debug|x64
		{894D3518-A0E3-4B88-B9BF-9E1AFC3F9523}.Debug|x64.Build.0 = Debug|x64
		{894D3518-A0E3-4B88-B9BF-9E1AFC3F9523}.Release|Any CPU.ActiveCfg = Release|Any CPU
		{894D3518-A0E3-4B88-B9BF-9E1AFC3F9523}.Release|Any CPU.Build.0 = Release|Any CPU
		{894D3518-A0E3-4B88-B9BF-9E1AFC3F9523}.Release|x64.ActiveCfg = Release|x64
		{894D3518-A0E3-4B88-B9BF-9E1AFC3F9523}.Release|x64.Build.0 = Release|x64
		{894D3518-A0E3-4B88-B9BF-9E1AFC3F9523}.Unstable|Any CPU.ActiveCfg = Release|Any CPU
		{894D3518-A0E3-4B88-B9BF-9E1AFC3F9523}.Unstable|Any CPU.Build.0 = Release|Any CPU
		{894D3518-A0E3-4B88-B9BF-9E1AFC3F9523}.Unstable|x64.ActiveCfg = Unstable|x64
		{894D3518-A0E3-4B88-B9BF-9E1AFC3F9523}.Unstable|x64.Build.0 = Unstable|x64
		{ED2873CA-C209-4CBC-ADD4-DAA753DFEEAF}.Debug|Any CPU.ActiveCfg = Debug|Any CPU
		{ED2873CA-C209-4CBC-ADD4-DAA753DFEEAF}.Debug|Any CPU.Build.0 = Debug|Any CPU
		{ED2873CA-C209-4CBC-ADD4-DAA753DFEEAF}.Debug|x64.ActiveCfg = Debug|x64
		{ED2873CA-C209-4CBC-ADD4-DAA753DFEEAF}.Debug|x64.Build.0 = Debug|x64
		{ED2873CA-C209-4CBC-ADD4-DAA753DFEEAF}.Release|Any CPU.ActiveCfg = Release|Any CPU
		{ED2873CA-C209-4CBC-ADD4-DAA753DFEEAF}.Release|Any CPU.Build.0 = Release|Any CPU
		{ED2873CA-C209-4CBC-ADD4-DAA753DFEEAF}.Release|x64.ActiveCfg = Release|x64
		{ED2873CA-C209-4CBC-ADD4-DAA753DFEEAF}.Release|x64.Build.0 = Release|x64
		{ED2873CA-C209-4CBC-ADD4-DAA753DFEEAF}.Unstable|Any CPU.ActiveCfg = Release|Any CPU
		{ED2873CA-C209-4CBC-ADD4-DAA753DFEEAF}.Unstable|Any CPU.Build.0 = Release|Any CPU
		{ED2873CA-C209-4CBC-ADD4-DAA753DFEEAF}.Unstable|x64.ActiveCfg = Unstable|x64
		{ED2873CA-C209-4CBC-ADD4-DAA753DFEEAF}.Unstable|x64.Build.0 = Unstable|x64
		{39E52316-D6C1-4D1F-95FF-37F41C9AB5A7}.Debug|Any CPU.ActiveCfg = Debug|Any CPU
		{39E52316-D6C1-4D1F-95FF-37F41C9AB5A7}.Debug|Any CPU.Build.0 = Debug|Any CPU
		{39E52316-D6C1-4D1F-95FF-37F41C9AB5A7}.Debug|x64.ActiveCfg = Debug|x64
		{39E52316-D6C1-4D1F-95FF-37F41C9AB5A7}.Debug|x64.Build.0 = Debug|x64
		{39E52316-D6C1-4D1F-95FF-37F41C9AB5A7}.Release|Any CPU.ActiveCfg = Release|Any CPU
		{39E52316-D6C1-4D1F-95FF-37F41C9AB5A7}.Release|Any CPU.Build.0 = Release|Any CPU
		{39E52316-D6C1-4D1F-95FF-37F41C9AB5A7}.Release|x64.ActiveCfg = Release|x64
		{39E52316-D6C1-4D1F-95FF-37F41C9AB5A7}.Release|x64.Build.0 = Release|x64
		{39E52316-D6C1-4D1F-95FF-37F41C9AB5A7}.Unstable|Any CPU.ActiveCfg = Release|Any CPU
		{39E52316-D6C1-4D1F-95FF-37F41C9AB5A7}.Unstable|Any CPU.Build.0 = Release|Any CPU
		{39E52316-D6C1-4D1F-95FF-37F41C9AB5A7}.Unstable|x64.ActiveCfg = Unstable|x64
		{39E52316-D6C1-4D1F-95FF-37F41C9AB5A7}.Unstable|x64.Build.0 = Unstable|x64
		{D379BF8E-D696-4AB9-A27F-4D0C493BF484}.Debug|Any CPU.ActiveCfg = Debug|Any CPU
		{D379BF8E-D696-4AB9-A27F-4D0C493BF484}.Debug|Any CPU.Build.0 = Debug|Any CPU
		{D379BF8E-D696-4AB9-A27F-4D0C493BF484}.Debug|x64.ActiveCfg = Debug|x64
		{D379BF8E-D696-4AB9-A27F-4D0C493BF484}.Debug|x64.Build.0 = Debug|x64
		{D379BF8E-D696-4AB9-A27F-4D0C493BF484}.Release|Any CPU.ActiveCfg = Release|Any CPU
		{D379BF8E-D696-4AB9-A27F-4D0C493BF484}.Release|Any CPU.Build.0 = Release|Any CPU
		{D379BF8E-D696-4AB9-A27F-4D0C493BF484}.Release|x64.ActiveCfg = Release|x64
		{D379BF8E-D696-4AB9-A27F-4D0C493BF484}.Release|x64.Build.0 = Release|x64
		{D379BF8E-D696-4AB9-A27F-4D0C493BF484}.Unstable|Any CPU.ActiveCfg = Release|Any CPU
		{D379BF8E-D696-4AB9-A27F-4D0C493BF484}.Unstable|Any CPU.Build.0 = Release|Any CPU
		{D379BF8E-D696-4AB9-A27F-4D0C493BF484}.Unstable|x64.ActiveCfg = Unstable|x64
		{D379BF8E-D696-4AB9-A27F-4D0C493BF484}.Unstable|x64.Build.0 = Unstable|x64
		{1F318AC4-F808-4130-867F-B98DF9AA8F95}.Debug|Any CPU.ActiveCfg = Debug|Any CPU
		{1F318AC4-F808-4130-867F-B98DF9AA8F95}.Debug|Any CPU.Build.0 = Debug|Any CPU
		{1F318AC4-F808-4130-867F-B98DF9AA8F95}.Debug|x64.ActiveCfg = Debug|x64
		{1F318AC4-F808-4130-867F-B98DF9AA8F95}.Debug|x64.Build.0 = Debug|x64
		{1F318AC4-F808-4130-867F-B98DF9AA8F95}.Release|Any CPU.ActiveCfg = Release|Any CPU
		{1F318AC4-F808-4130-867F-B98DF9AA8F95}.Release|Any CPU.Build.0 = Release|Any CPU
		{1F318AC4-F808-4130-867F-B98DF9AA8F95}.Release|x64.ActiveCfg = Release|x64
		{1F318AC4-F808-4130-867F-B98DF9AA8F95}.Release|x64.Build.0 = Release|x64
		{1F318AC4-F808-4130-867F-B98DF9AA8F95}.Unstable|Any CPU.ActiveCfg = Release|Any CPU
		{1F318AC4-F808-4130-867F-B98DF9AA8F95}.Unstable|Any CPU.Build.0 = Release|Any CPU
		{1F318AC4-F808-4130-867F-B98DF9AA8F95}.Unstable|x64.ActiveCfg = Unstable|x64
		{1F318AC4-F808-4130-867F-B98DF9AA8F95}.Unstable|x64.Build.0 = Unstable|x64
		{6911872D-40EF-400C-B0A1-9985A19ED488}.Debug|Any CPU.ActiveCfg = Debug|Any CPU
		{6911872D-40EF-400C-B0A1-9985A19ED488}.Debug|Any CPU.Build.0 = Debug|Any CPU
		{6911872D-40EF-400C-B0A1-9985A19ED488}.Debug|x64.ActiveCfg = Debug|x64
		{6911872D-40EF-400C-B0A1-9985A19ED488}.Debug|x64.Build.0 = Debug|x64
		{6911872D-40EF-400C-B0A1-9985A19ED488}.Release|Any CPU.ActiveCfg = Release|Any CPU
		{6911872D-40EF-400C-B0A1-9985A19ED488}.Release|Any CPU.Build.0 = Release|Any CPU
		{6911872D-40EF-400C-B0A1-9985A19ED488}.Release|x64.ActiveCfg = Release|x64
		{6911872D-40EF-400C-B0A1-9985A19ED488}.Release|x64.Build.0 = Release|x64
		{6911872D-40EF-400C-B0A1-9985A19ED488}.Unstable|Any CPU.ActiveCfg = Release|Any CPU
		{6911872D-40EF-400C-B0A1-9985A19ED488}.Unstable|Any CPU.Build.0 = Release|Any CPU
		{6911872D-40EF-400C-B0A1-9985A19ED488}.Unstable|x64.ActiveCfg = Unstable|x64
		{6911872D-40EF-400C-B0A1-9985A19ED488}.Unstable|x64.Build.0 = Unstable|x64
		{D47E4AAA-C3E5-4F0D-B7FF-D3B54966DE51}.Debug|Any CPU.ActiveCfg = Debug|Any CPU
		{D47E4AAA-C3E5-4F0D-B7FF-D3B54966DE51}.Debug|Any CPU.Build.0 = Debug|Any CPU
		{D47E4AAA-C3E5-4F0D-B7FF-D3B54966DE51}.Debug|x64.ActiveCfg = Debug|x64
		{D47E4AAA-C3E5-4F0D-B7FF-D3B54966DE51}.Debug|x64.Build.0 = Debug|x64
		{D47E4AAA-C3E5-4F0D-B7FF-D3B54966DE51}.Release|Any CPU.ActiveCfg = Release|Any CPU
		{D47E4AAA-C3E5-4F0D-B7FF-D3B54966DE51}.Release|Any CPU.Build.0 = Release|Any CPU
		{D47E4AAA-C3E5-4F0D-B7FF-D3B54966DE51}.Release|x64.ActiveCfg = Release|x64
		{D47E4AAA-C3E5-4F0D-B7FF-D3B54966DE51}.Release|x64.Build.0 = Release|x64
		{D47E4AAA-C3E5-4F0D-B7FF-D3B54966DE51}.Unstable|Any CPU.ActiveCfg = Unstable|Any CPU
		{D47E4AAA-C3E5-4F0D-B7FF-D3B54966DE51}.Unstable|Any CPU.Build.0 = Unstable|Any CPU
		{D47E4AAA-C3E5-4F0D-B7FF-D3B54966DE51}.Unstable|x64.ActiveCfg = Unstable|x64
		{D47E4AAA-C3E5-4F0D-B7FF-D3B54966DE51}.Unstable|x64.Build.0 = Unstable|x64
		{2B0881F6-9C67-4446-A1F2-FC042763A462}.Debug|Any CPU.ActiveCfg = Debug|Any CPU
		{2B0881F6-9C67-4446-A1F2-FC042763A462}.Debug|Any CPU.Build.0 = Debug|Any CPU
		{2B0881F6-9C67-4446-A1F2-FC042763A462}.Debug|x64.ActiveCfg = Debug|x64
		{2B0881F6-9C67-4446-A1F2-FC042763A462}.Debug|x64.Build.0 = Debug|x64
		{2B0881F6-9C67-4446-A1F2-FC042763A462}.Release|Any CPU.ActiveCfg = Release|Any CPU
		{2B0881F6-9C67-4446-A1F2-FC042763A462}.Release|Any CPU.Build.0 = Release|Any CPU
		{2B0881F6-9C67-4446-A1F2-FC042763A462}.Release|x64.ActiveCfg = Release|x64
		{2B0881F6-9C67-4446-A1F2-FC042763A462}.Release|x64.Build.0 = Release|x64
		{2B0881F6-9C67-4446-A1F2-FC042763A462}.Unstable|Any CPU.ActiveCfg = Unstable|Any CPU
		{2B0881F6-9C67-4446-A1F2-FC042763A462}.Unstable|Any CPU.Build.0 = Unstable|Any CPU
		{2B0881F6-9C67-4446-A1F2-FC042763A462}.Unstable|x64.ActiveCfg = Unstable|x64
		{2B0881F6-9C67-4446-A1F2-FC042763A462}.Unstable|x64.Build.0 = Unstable|x64
		{33E95A21-E071-4432-819F-AA64CF3EF3F1}.Debug|Any CPU.ActiveCfg = Debug|Any CPU
		{33E95A21-E071-4432-819F-AA64CF3EF3F1}.Debug|Any CPU.Build.0 = Debug|Any CPU
		{33E95A21-E071-4432-819F-AA64CF3EF3F1}.Debug|x64.ActiveCfg = Debug|x64
		{33E95A21-E071-4432-819F-AA64CF3EF3F1}.Debug|x64.Build.0 = Debug|x64
		{33E95A21-E071-4432-819F-AA64CF3EF3F1}.Release|Any CPU.ActiveCfg = Release|Any CPU
		{33E95A21-E071-4432-819F-AA64CF3EF3F1}.Release|Any CPU.Build.0 = Release|Any CPU
		{33E95A21-E071-4432-819F-AA64CF3EF3F1}.Release|x64.ActiveCfg = Release|x64
		{33E95A21-E071-4432-819F-AA64CF3EF3F1}.Release|x64.Build.0 = Release|x64
		{33E95A21-E071-4432-819F-AA64CF3EF3F1}.Unstable|Any CPU.ActiveCfg = Release|Any CPU
		{33E95A21-E071-4432-819F-AA64CF3EF3F1}.Unstable|Any CPU.Build.0 = Release|Any CPU
		{33E95A21-E071-4432-819F-AA64CF3EF3F1}.Unstable|x64.ActiveCfg = Unstable|x64
		{33E95A21-E071-4432-819F-AA64CF3EF3F1}.Unstable|x64.Build.0 = Unstable|x64
	EndGlobalSection
	GlobalSection(SolutionProperties) = preSolution
		HideSolutionNode = FALSE
	EndGlobalSection
	GlobalSection(NestedProjects) = preSolution
		{E1BBC67C-DC2A-40E8-89F3-B57299D7B16C} = {DE36F45F-F09E-4719-B953-00D148F7722A}
		{95C4D59D-9BE4-4278-B4F8-46C0BA1A3916} = {DE36F45F-F09E-4719-B953-00D148F7722A}
		{894D3518-A0E3-4B88-B9BF-9E1AFC3F9523} = {DE36F45F-F09E-4719-B953-00D148F7722A}
		{ED2873CA-C209-4CBC-ADD4-DAA753DFEEAF} = {DE36F45F-F09E-4719-B953-00D148F7722A}
		{39E52316-D6C1-4D1F-95FF-37F41C9AB5A7} = {DE36F45F-F09E-4719-B953-00D148F7722A}
		{D379BF8E-D696-4AB9-A27F-4D0C493BF484} = {DE36F45F-F09E-4719-B953-00D148F7722A}
		{1F318AC4-F808-4130-867F-B98DF9AA8F95} = {DE36F45F-F09E-4719-B953-00D148F7722A}
		{6911872D-40EF-400C-B0A1-9985A19ED488} = {DE36F45F-F09E-4719-B953-00D148F7722A}
		{68B18BE6-9EE0-49DA-AE3A-4C7326F768F9} = {F35DF9BF-0BED-4FEF-A51C-DD83C531882F}
		{D47E4AAA-C3E5-4F0D-B7FF-D3B54966DE51} = {68B18BE6-9EE0-49DA-AE3A-4C7326F768F9}
		{2B0881F6-9C67-4446-A1F2-FC042763A462} = {68B18BE6-9EE0-49DA-AE3A-4C7326F768F9}
		{33E95A21-E071-4432-819F-AA64CF3EF3F1} = {DE36F45F-F09E-4719-B953-00D148F7722A}
	EndGlobalSection
	GlobalSection(ExtensibilityGlobals) = postSolution
		SolutionGuid = {17032EAB-554B-4B44-A4F6-EFB177ACAB7A}
	EndGlobalSection
	GlobalSection(MonoDevelopProperties) = preSolution
		version = 0.9.0.0
	EndGlobalSection
EndGlobal
