
Microsoft Visual Studio Solution File, Format Version 12.00
# Visual Studio 2013
VisualStudioVersion = 12.0.21005.1
MinimumVisualStudioVersion = 10.0.40219.1
Project("{FAE04EC0-301F-11D3-BF4B-00C04F79EFBC}") = "Barotrauma", "Subsurface\Barotrauma.csproj", "{008C0F83-E914-4966-9135-EA885059EDD8}"
EndProject
Project("{FAE04EC0-301F-11D3-BF4B-00C04F79EFBC}") = "Farseer Physics MonoGame", "Farseer Physics Engine 3.5\Farseer Physics MonoGame.csproj", "{0AAD36E3-51A5-4A07-AB60-5C8A66BD38B7}"
EndProject
Project("{FAE04EC0-301F-11D3-BF4B-00C04F79EFBC}") = "Lidgren.Network", "Lidgren.Network\Lidgren.Network.csproj", "{49BA1C69-6104-41AC-A5D8-B54FA9F696E8}"
EndProject
Project("{FAE04EC0-301F-11D3-BF4B-00C04F79EFBC}") = "Launcher", "Launcher2\Launcher.csproj", "{251AAFE1-F24B-4837-9128-9D04FCBFD528}"
EndProject
Project("{FAE04EC0-301F-11D3-BF4B-00C04F79EFBC}") = "CrashReporter", "CrashReporter\CrashReporter.csproj", "{6BE950CD-9A34-49C9-939A-786AC89C287E}"
EndProject
Project("{2150E333-8FDC-42A3-9474-1A3956D46DE8}") = "Solution Items", "Solution Items", "{D32A29D8-AC7B-4189-B734-8ED9EB4120D0}"
EndProject
Project("{FAE04EC0-301F-11D3-BF4B-00C04F79EFBC}") = "Hyper.ComponentModel", "Hyper.ComponentModel\Hyper.ComponentModel.csproj", "{3B8F9EDB-6E5E-450C-ABC2-EC49075D0B50}"
EndProject
Global
	GlobalSection(SolutionConfigurationPlatforms) = preSolution
		Android|Any CPU = Android|Any CPU
		Android|Mixed Platforms = Android|Mixed Platforms
		Android|x86 = Android|x86
		Debug|Any CPU = Debug|Any CPU
		Debug|Mixed Platforms = Debug|Mixed Platforms
		Debug|x86 = Debug|x86
		iOS|Any CPU = iOS|Any CPU
		iOS|Mixed Platforms = iOS|Mixed Platforms
		iOS|x86 = iOS|x86
		Linux|Any CPU = Linux|Any CPU
		Linux|Mixed Platforms = Linux|Mixed Platforms
		Linux|x86 = Linux|x86
		OSX|Any CPU = OSX|Any CPU
		OSX|Mixed Platforms = OSX|Mixed Platforms
		OSX|x86 = OSX|x86
		PSM|Any CPU = PSM|Any CPU
		PSM|Mixed Platforms = PSM|Mixed Platforms
		PSM|x86 = PSM|x86
		Release|Any CPU = Release|Any CPU
		Release|Mixed Platforms = Release|Mixed Platforms
		Release|x86 = Release|x86
		Windows|Any CPU = Windows|Any CPU
		Windows|Mixed Platforms = Windows|Mixed Platforms
		Windows|x86 = Windows|x86
		Windows8|Any CPU = Windows8|Any CPU
		Windows8|Mixed Platforms = Windows8|Mixed Platforms
		Windows8|x86 = Windows8|x86
	EndGlobalSection
	GlobalSection(ProjectConfigurationPlatforms) = postSolution
		{008C0F83-E914-4966-9135-EA885059EDD8}.Android|Any CPU.ActiveCfg = Release|x86
		{008C0F83-E914-4966-9135-EA885059EDD8}.Android|Mixed Platforms.ActiveCfg = Release|x86
		{008C0F83-E914-4966-9135-EA885059EDD8}.Android|Mixed Platforms.Build.0 = Release|x86
		{008C0F83-E914-4966-9135-EA885059EDD8}.Android|x86.ActiveCfg = Release|x86
		{008C0F83-E914-4966-9135-EA885059EDD8}.Android|x86.Build.0 = Release|x86
		{008C0F83-E914-4966-9135-EA885059EDD8}.Debug|Any CPU.ActiveCfg = Debug|x86
		{008C0F83-E914-4966-9135-EA885059EDD8}.Debug|Mixed Platforms.ActiveCfg = Debug|x86
		{008C0F83-E914-4966-9135-EA885059EDD8}.Debug|Mixed Platforms.Build.0 = Debug|x86
		{008C0F83-E914-4966-9135-EA885059EDD8}.Debug|x86.ActiveCfg = Debug|x86
		{008C0F83-E914-4966-9135-EA885059EDD8}.Debug|x86.Build.0 = Debug|x86
		{008C0F83-E914-4966-9135-EA885059EDD8}.iOS|Any CPU.ActiveCfg = Release|x86
		{008C0F83-E914-4966-9135-EA885059EDD8}.iOS|Mixed Platforms.ActiveCfg = Release|x86
		{008C0F83-E914-4966-9135-EA885059EDD8}.iOS|Mixed Platforms.Build.0 = Release|x86
		{008C0F83-E914-4966-9135-EA885059EDD8}.iOS|x86.ActiveCfg = Release|x86
		{008C0F83-E914-4966-9135-EA885059EDD8}.iOS|x86.Build.0 = Release|x86
		{008C0F83-E914-4966-9135-EA885059EDD8}.Linux|Any CPU.ActiveCfg = Release|x86
		{008C0F83-E914-4966-9135-EA885059EDD8}.Linux|Mixed Platforms.ActiveCfg = Release|x86
		{008C0F83-E914-4966-9135-EA885059EDD8}.Linux|Mixed Platforms.Build.0 = Release|x86
		{008C0F83-E914-4966-9135-EA885059EDD8}.Linux|x86.ActiveCfg = Release|x86
		{008C0F83-E914-4966-9135-EA885059EDD8}.Linux|x86.Build.0 = Release|x86
		{008C0F83-E914-4966-9135-EA885059EDD8}.OSX|Any CPU.ActiveCfg = Release|x86
		{008C0F83-E914-4966-9135-EA885059EDD8}.OSX|Mixed Platforms.ActiveCfg = Release|x86
		{008C0F83-E914-4966-9135-EA885059EDD8}.OSX|Mixed Platforms.Build.0 = Release|x86
		{008C0F83-E914-4966-9135-EA885059EDD8}.OSX|x86.ActiveCfg = Release|x86
		{008C0F83-E914-4966-9135-EA885059EDD8}.OSX|x86.Build.0 = Release|x86
		{008C0F83-E914-4966-9135-EA885059EDD8}.PSM|Any CPU.ActiveCfg = Release|x86
		{008C0F83-E914-4966-9135-EA885059EDD8}.PSM|Mixed Platforms.ActiveCfg = Release|x86
		{008C0F83-E914-4966-9135-EA885059EDD8}.PSM|Mixed Platforms.Build.0 = Release|x86
		{008C0F83-E914-4966-9135-EA885059EDD8}.PSM|x86.ActiveCfg = Release|x86
		{008C0F83-E914-4966-9135-EA885059EDD8}.PSM|x86.Build.0 = Release|x86
		{008C0F83-E914-4966-9135-EA885059EDD8}.Release|Any CPU.ActiveCfg = Release|x86
		{008C0F83-E914-4966-9135-EA885059EDD8}.Release|Mixed Platforms.ActiveCfg = Release|x86
		{008C0F83-E914-4966-9135-EA885059EDD8}.Release|Mixed Platforms.Build.0 = Release|x86
		{008C0F83-E914-4966-9135-EA885059EDD8}.Release|x86.ActiveCfg = Release|x86
		{008C0F83-E914-4966-9135-EA885059EDD8}.Release|x86.Build.0 = Release|x86
		{008C0F83-E914-4966-9135-EA885059EDD8}.Windows|Any CPU.ActiveCfg = Release|x86
		{008C0F83-E914-4966-9135-EA885059EDD8}.Windows|Mixed Platforms.ActiveCfg = Release|x86
		{008C0F83-E914-4966-9135-EA885059EDD8}.Windows|Mixed Platforms.Build.0 = Release|x86
		{008C0F83-E914-4966-9135-EA885059EDD8}.Windows|x86.ActiveCfg = Release|x86
		{008C0F83-E914-4966-9135-EA885059EDD8}.Windows|x86.Build.0 = Release|x86
		{008C0F83-E914-4966-9135-EA885059EDD8}.Windows8|Any CPU.ActiveCfg = Release|x86
		{008C0F83-E914-4966-9135-EA885059EDD8}.Windows8|Mixed Platforms.ActiveCfg = Release|x86
		{008C0F83-E914-4966-9135-EA885059EDD8}.Windows8|Mixed Platforms.Build.0 = Release|x86
		{008C0F83-E914-4966-9135-EA885059EDD8}.Windows8|x86.ActiveCfg = Release|x86
		{008C0F83-E914-4966-9135-EA885059EDD8}.Windows8|x86.Build.0 = Release|x86
		{0AAD36E3-51A5-4A07-AB60-5C8A66BD38B7}.Android|Any CPU.ActiveCfg = Release|x86
		{0AAD36E3-51A5-4A07-AB60-5C8A66BD38B7}.Android|Mixed Platforms.ActiveCfg = Release|x86
		{0AAD36E3-51A5-4A07-AB60-5C8A66BD38B7}.Android|Mixed Platforms.Build.0 = Release|x86
		{0AAD36E3-51A5-4A07-AB60-5C8A66BD38B7}.Android|x86.ActiveCfg = Release|x86
		{0AAD36E3-51A5-4A07-AB60-5C8A66BD38B7}.Android|x86.Build.0 = Release|x86
		{0AAD36E3-51A5-4A07-AB60-5C8A66BD38B7}.Debug|Any CPU.ActiveCfg = Debug|x86
		{0AAD36E3-51A5-4A07-AB60-5C8A66BD38B7}.Debug|Mixed Platforms.ActiveCfg = Debug|x86
		{0AAD36E3-51A5-4A07-AB60-5C8A66BD38B7}.Debug|Mixed Platforms.Build.0 = Debug|x86
		{0AAD36E3-51A5-4A07-AB60-5C8A66BD38B7}.Debug|x86.ActiveCfg = Debug|x86
		{0AAD36E3-51A5-4A07-AB60-5C8A66BD38B7}.Debug|x86.Build.0 = Debug|x86
		{0AAD36E3-51A5-4A07-AB60-5C8A66BD38B7}.iOS|Any CPU.ActiveCfg = Release|x86
		{0AAD36E3-51A5-4A07-AB60-5C8A66BD38B7}.iOS|Mixed Platforms.ActiveCfg = Release|x86
		{0AAD36E3-51A5-4A07-AB60-5C8A66BD38B7}.iOS|Mixed Platforms.Build.0 = Release|x86
		{0AAD36E3-51A5-4A07-AB60-5C8A66BD38B7}.iOS|x86.ActiveCfg = Release|x86
		{0AAD36E3-51A5-4A07-AB60-5C8A66BD38B7}.iOS|x86.Build.0 = Release|x86
		{0AAD36E3-51A5-4A07-AB60-5C8A66BD38B7}.Linux|Any CPU.ActiveCfg = Release|x86
		{0AAD36E3-51A5-4A07-AB60-5C8A66BD38B7}.Linux|Mixed Platforms.ActiveCfg = Release|x86
		{0AAD36E3-51A5-4A07-AB60-5C8A66BD38B7}.Linux|Mixed Platforms.Build.0 = Release|x86
		{0AAD36E3-51A5-4A07-AB60-5C8A66BD38B7}.Linux|x86.ActiveCfg = Release|x86
		{0AAD36E3-51A5-4A07-AB60-5C8A66BD38B7}.Linux|x86.Build.0 = Release|x86
		{0AAD36E3-51A5-4A07-AB60-5C8A66BD38B7}.OSX|Any CPU.ActiveCfg = Release|x86
		{0AAD36E3-51A5-4A07-AB60-5C8A66BD38B7}.OSX|Mixed Platforms.ActiveCfg = Release|x86
		{0AAD36E3-51A5-4A07-AB60-5C8A66BD38B7}.OSX|Mixed Platforms.Build.0 = Release|x86
		{0AAD36E3-51A5-4A07-AB60-5C8A66BD38B7}.OSX|x86.ActiveCfg = Release|x86
		{0AAD36E3-51A5-4A07-AB60-5C8A66BD38B7}.OSX|x86.Build.0 = Release|x86
		{0AAD36E3-51A5-4A07-AB60-5C8A66BD38B7}.PSM|Any CPU.ActiveCfg = Release|x86
		{0AAD36E3-51A5-4A07-AB60-5C8A66BD38B7}.PSM|Mixed Platforms.ActiveCfg = Release|x86
		{0AAD36E3-51A5-4A07-AB60-5C8A66BD38B7}.PSM|Mixed Platforms.Build.0 = Release|x86
		{0AAD36E3-51A5-4A07-AB60-5C8A66BD38B7}.PSM|x86.ActiveCfg = Release|x86
		{0AAD36E3-51A5-4A07-AB60-5C8A66BD38B7}.PSM|x86.Build.0 = Release|x86
		{0AAD36E3-51A5-4A07-AB60-5C8A66BD38B7}.Release|Any CPU.ActiveCfg = Release|x86
		{0AAD36E3-51A5-4A07-AB60-5C8A66BD38B7}.Release|Mixed Platforms.ActiveCfg = Release|x86
		{0AAD36E3-51A5-4A07-AB60-5C8A66BD38B7}.Release|Mixed Platforms.Build.0 = Release|x86
		{0AAD36E3-51A5-4A07-AB60-5C8A66BD38B7}.Release|x86.ActiveCfg = Release|x86
		{0AAD36E3-51A5-4A07-AB60-5C8A66BD38B7}.Release|x86.Build.0 = Release|x86
		{0AAD36E3-51A5-4A07-AB60-5C8A66BD38B7}.Windows|Any CPU.ActiveCfg = Release|x86
		{0AAD36E3-51A5-4A07-AB60-5C8A66BD38B7}.Windows|Mixed Platforms.ActiveCfg = Release|x86
		{0AAD36E3-51A5-4A07-AB60-5C8A66BD38B7}.Windows|Mixed Platforms.Build.0 = Release|x86
		{0AAD36E3-51A5-4A07-AB60-5C8A66BD38B7}.Windows|x86.ActiveCfg = Release|x86
		{0AAD36E3-51A5-4A07-AB60-5C8A66BD38B7}.Windows|x86.Build.0 = Release|x86
		{0AAD36E3-51A5-4A07-AB60-5C8A66BD38B7}.Windows8|Any CPU.ActiveCfg = Release|x86
		{0AAD36E3-51A5-4A07-AB60-5C8A66BD38B7}.Windows8|Mixed Platforms.ActiveCfg = Release|x86
		{0AAD36E3-51A5-4A07-AB60-5C8A66BD38B7}.Windows8|Mixed Platforms.Build.0 = Release|x86
		{0AAD36E3-51A5-4A07-AB60-5C8A66BD38B7}.Windows8|x86.ActiveCfg = Release|x86
		{0AAD36E3-51A5-4A07-AB60-5C8A66BD38B7}.Windows8|x86.Build.0 = Release|x86
		{49BA1C69-6104-41AC-A5D8-B54FA9F696E8}.Android|Any CPU.ActiveCfg = Release|Any CPU
		{49BA1C69-6104-41AC-A5D8-B54FA9F696E8}.Android|Any CPU.Build.0 = Release|Any CPU
		{49BA1C69-6104-41AC-A5D8-B54FA9F696E8}.Android|Mixed Platforms.ActiveCfg = Release|Any CPU
		{49BA1C69-6104-41AC-A5D8-B54FA9F696E8}.Android|Mixed Platforms.Build.0 = Release|Any CPU
		{49BA1C69-6104-41AC-A5D8-B54FA9F696E8}.Android|x86.ActiveCfg = Release|Any CPU
		{49BA1C69-6104-41AC-A5D8-B54FA9F696E8}.Debug|Any CPU.ActiveCfg = Debug|Any CPU
		{49BA1C69-6104-41AC-A5D8-B54FA9F696E8}.Debug|Any CPU.Build.0 = Debug|Any CPU
		{49BA1C69-6104-41AC-A5D8-B54FA9F696E8}.Debug|Mixed Platforms.ActiveCfg = Debug|Any CPU
		{49BA1C69-6104-41AC-A5D8-B54FA9F696E8}.Debug|Mixed Platforms.Build.0 = Debug|Any CPU
		{49BA1C69-6104-41AC-A5D8-B54FA9F696E8}.Debug|x86.ActiveCfg = Debug|Any CPU
		{49BA1C69-6104-41AC-A5D8-B54FA9F696E8}.iOS|Any CPU.ActiveCfg = Release|Any CPU
		{49BA1C69-6104-41AC-A5D8-B54FA9F696E8}.iOS|Any CPU.Build.0 = Release|Any CPU
		{49BA1C69-6104-41AC-A5D8-B54FA9F696E8}.iOS|Mixed Platforms.ActiveCfg = Release|Any CPU
		{49BA1C69-6104-41AC-A5D8-B54FA9F696E8}.iOS|Mixed Platforms.Build.0 = Release|Any CPU
		{49BA1C69-6104-41AC-A5D8-B54FA9F696E8}.iOS|x86.ActiveCfg = Release|Any CPU
		{49BA1C69-6104-41AC-A5D8-B54FA9F696E8}.Linux|Any CPU.ActiveCfg = Release|Any CPU
		{49BA1C69-6104-41AC-A5D8-B54FA9F696E8}.Linux|Any CPU.Build.0 = Release|Any CPU
		{49BA1C69-6104-41AC-A5D8-B54FA9F696E8}.Linux|Mixed Platforms.ActiveCfg = Release|Any CPU
		{49BA1C69-6104-41AC-A5D8-B54FA9F696E8}.Linux|Mixed Platforms.Build.0 = Release|Any CPU
		{49BA1C69-6104-41AC-A5D8-B54FA9F696E8}.Linux|x86.ActiveCfg = Release|Any CPU
		{49BA1C69-6104-41AC-A5D8-B54FA9F696E8}.OSX|Any CPU.ActiveCfg = Release|Any CPU
		{49BA1C69-6104-41AC-A5D8-B54FA9F696E8}.OSX|Any CPU.Build.0 = Release|Any CPU
		{49BA1C69-6104-41AC-A5D8-B54FA9F696E8}.OSX|Mixed Platforms.ActiveCfg = Release|Any CPU
		{49BA1C69-6104-41AC-A5D8-B54FA9F696E8}.OSX|Mixed Platforms.Build.0 = Release|Any CPU
		{49BA1C69-6104-41AC-A5D8-B54FA9F696E8}.OSX|x86.ActiveCfg = Release|Any CPU
		{49BA1C69-6104-41AC-A5D8-B54FA9F696E8}.PSM|Any CPU.ActiveCfg = Release|Any CPU
		{49BA1C69-6104-41AC-A5D8-B54FA9F696E8}.PSM|Any CPU.Build.0 = Release|Any CPU
		{49BA1C69-6104-41AC-A5D8-B54FA9F696E8}.PSM|Mixed Platforms.ActiveCfg = Release|Any CPU
		{49BA1C69-6104-41AC-A5D8-B54FA9F696E8}.PSM|Mixed Platforms.Build.0 = Release|Any CPU
		{49BA1C69-6104-41AC-A5D8-B54FA9F696E8}.PSM|x86.ActiveCfg = Release|Any CPU
		{49BA1C69-6104-41AC-A5D8-B54FA9F696E8}.Release|Any CPU.ActiveCfg = Release|Any CPU
		{49BA1C69-6104-41AC-A5D8-B54FA9F696E8}.Release|Any CPU.Build.0 = Release|Any CPU
		{49BA1C69-6104-41AC-A5D8-B54FA9F696E8}.Release|Mixed Platforms.ActiveCfg = Release|Any CPU
		{49BA1C69-6104-41AC-A5D8-B54FA9F696E8}.Release|Mixed Platforms.Build.0 = Release|Any CPU
		{49BA1C69-6104-41AC-A5D8-B54FA9F696E8}.Release|x86.ActiveCfg = Release|Any CPU
		{49BA1C69-6104-41AC-A5D8-B54FA9F696E8}.Windows|Any CPU.ActiveCfg = Release|Any CPU
		{49BA1C69-6104-41AC-A5D8-B54FA9F696E8}.Windows|Any CPU.Build.0 = Release|Any CPU
		{49BA1C69-6104-41AC-A5D8-B54FA9F696E8}.Windows|Mixed Platforms.ActiveCfg = Release|Any CPU
		{49BA1C69-6104-41AC-A5D8-B54FA9F696E8}.Windows|Mixed Platforms.Build.0 = Release|Any CPU
		{49BA1C69-6104-41AC-A5D8-B54FA9F696E8}.Windows|x86.ActiveCfg = Release|Any CPU
		{49BA1C69-6104-41AC-A5D8-B54FA9F696E8}.Windows8|Any CPU.ActiveCfg = Release|Any CPU
		{49BA1C69-6104-41AC-A5D8-B54FA9F696E8}.Windows8|Any CPU.Build.0 = Release|Any CPU
		{49BA1C69-6104-41AC-A5D8-B54FA9F696E8}.Windows8|Mixed Platforms.ActiveCfg = Release|Any CPU
		{49BA1C69-6104-41AC-A5D8-B54FA9F696E8}.Windows8|Mixed Platforms.Build.0 = Release|Any CPU
		{49BA1C69-6104-41AC-A5D8-B54FA9F696E8}.Windows8|x86.ActiveCfg = Release|Any CPU
		{251AAFE1-F24B-4837-9128-9D04FCBFD528}.Android|Any CPU.ActiveCfg = Release|x86
		{251AAFE1-F24B-4837-9128-9D04FCBFD528}.Android|Mixed Platforms.ActiveCfg = Release|x86
		{251AAFE1-F24B-4837-9128-9D04FCBFD528}.Android|Mixed Platforms.Build.0 = Release|x86
		{251AAFE1-F24B-4837-9128-9D04FCBFD528}.Android|x86.ActiveCfg = Release|x86
		{251AAFE1-F24B-4837-9128-9D04FCBFD528}.Android|x86.Build.0 = Release|x86
		{251AAFE1-F24B-4837-9128-9D04FCBFD528}.Debug|Any CPU.ActiveCfg = Debug|x86
		{251AAFE1-F24B-4837-9128-9D04FCBFD528}.Debug|Mixed Platforms.ActiveCfg = Debug|x86
		{251AAFE1-F24B-4837-9128-9D04FCBFD528}.Debug|Mixed Platforms.Build.0 = Debug|x86
		{251AAFE1-F24B-4837-9128-9D04FCBFD528}.Debug|x86.ActiveCfg = Debug|x86
		{251AAFE1-F24B-4837-9128-9D04FCBFD528}.Debug|x86.Build.0 = Debug|x86
		{251AAFE1-F24B-4837-9128-9D04FCBFD528}.iOS|Any CPU.ActiveCfg = Release|x86
		{251AAFE1-F24B-4837-9128-9D04FCBFD528}.iOS|Mixed Platforms.ActiveCfg = Release|x86
		{251AAFE1-F24B-4837-9128-9D04FCBFD528}.iOS|Mixed Platforms.Build.0 = Release|x86
		{251AAFE1-F24B-4837-9128-9D04FCBFD528}.iOS|x86.ActiveCfg = Release|x86
		{251AAFE1-F24B-4837-9128-9D04FCBFD528}.iOS|x86.Build.0 = Release|x86
		{251AAFE1-F24B-4837-9128-9D04FCBFD528}.Linux|Any CPU.ActiveCfg = Release|x86
		{251AAFE1-F24B-4837-9128-9D04FCBFD528}.Linux|Mixed Platforms.ActiveCfg = Release|x86
		{251AAFE1-F24B-4837-9128-9D04FCBFD528}.Linux|Mixed Platforms.Build.0 = Release|x86
		{251AAFE1-F24B-4837-9128-9D04FCBFD528}.Linux|x86.ActiveCfg = Release|x86
		{251AAFE1-F24B-4837-9128-9D04FCBFD528}.Linux|x86.Build.0 = Release|x86
		{251AAFE1-F24B-4837-9128-9D04FCBFD528}.OSX|Any CPU.ActiveCfg = Release|x86
		{251AAFE1-F24B-4837-9128-9D04FCBFD528}.OSX|Mixed Platforms.ActiveCfg = Release|x86
		{251AAFE1-F24B-4837-9128-9D04FCBFD528}.OSX|Mixed Platforms.Build.0 = Release|x86
		{251AAFE1-F24B-4837-9128-9D04FCBFD528}.OSX|x86.ActiveCfg = Release|x86
		{251AAFE1-F24B-4837-9128-9D04FCBFD528}.OSX|x86.Build.0 = Release|x86
		{251AAFE1-F24B-4837-9128-9D04FCBFD528}.PSM|Any CPU.ActiveCfg = Release|x86
		{251AAFE1-F24B-4837-9128-9D04FCBFD528}.PSM|Mixed Platforms.ActiveCfg = Release|x86
		{251AAFE1-F24B-4837-9128-9D04FCBFD528}.PSM|Mixed Platforms.Build.0 = Release|x86
		{251AAFE1-F24B-4837-9128-9D04FCBFD528}.PSM|x86.ActiveCfg = Release|x86
		{251AAFE1-F24B-4837-9128-9D04FCBFD528}.PSM|x86.Build.0 = Release|x86
		{251AAFE1-F24B-4837-9128-9D04FCBFD528}.Release|Any CPU.ActiveCfg = Release|x86
		{251AAFE1-F24B-4837-9128-9D04FCBFD528}.Release|Mixed Platforms.ActiveCfg = Release|x86
		{251AAFE1-F24B-4837-9128-9D04FCBFD528}.Release|Mixed Platforms.Build.0 = Release|x86
		{251AAFE1-F24B-4837-9128-9D04FCBFD528}.Release|x86.ActiveCfg = Release|x86
		{251AAFE1-F24B-4837-9128-9D04FCBFD528}.Release|x86.Build.0 = Release|x86
		{251AAFE1-F24B-4837-9128-9D04FCBFD528}.Windows|Any CPU.ActiveCfg = Release|x86
		{251AAFE1-F24B-4837-9128-9D04FCBFD528}.Windows|Mixed Platforms.ActiveCfg = Release|x86
		{251AAFE1-F24B-4837-9128-9D04FCBFD528}.Windows|Mixed Platforms.Build.0 = Release|x86
		{251AAFE1-F24B-4837-9128-9D04FCBFD528}.Windows|x86.ActiveCfg = Release|x86
		{251AAFE1-F24B-4837-9128-9D04FCBFD528}.Windows|x86.Build.0 = Release|x86
		{251AAFE1-F24B-4837-9128-9D04FCBFD528}.Windows8|Any CPU.ActiveCfg = Release|x86
		{251AAFE1-F24B-4837-9128-9D04FCBFD528}.Windows8|Mixed Platforms.ActiveCfg = Release|x86
		{251AAFE1-F24B-4837-9128-9D04FCBFD528}.Windows8|Mixed Platforms.Build.0 = Release|x86
		{251AAFE1-F24B-4837-9128-9D04FCBFD528}.Windows8|x86.ActiveCfg = Release|x86
		{251AAFE1-F24B-4837-9128-9D04FCBFD528}.Windows8|x86.Build.0 = Release|x86
		{6BE950CD-9A34-49C9-939A-786AC89C287E}.Android|Any CPU.ActiveCfg = Release|x86
		{6BE950CD-9A34-49C9-939A-786AC89C287E}.Android|Mixed Platforms.ActiveCfg = Release|x86
		{6BE950CD-9A34-49C9-939A-786AC89C287E}.Android|Mixed Platforms.Build.0 = Release|x86
		{6BE950CD-9A34-49C9-939A-786AC89C287E}.Android|x86.ActiveCfg = Release|x86
		{6BE950CD-9A34-49C9-939A-786AC89C287E}.Android|x86.Build.0 = Release|x86
		{6BE950CD-9A34-49C9-939A-786AC89C287E}.Debug|Any CPU.ActiveCfg = Debug|x86
		{6BE950CD-9A34-49C9-939A-786AC89C287E}.Debug|Mixed Platforms.ActiveCfg = Debug|x86
		{6BE950CD-9A34-49C9-939A-786AC89C287E}.Debug|Mixed Platforms.Build.0 = Debug|x86
		{6BE950CD-9A34-49C9-939A-786AC89C287E}.Debug|x86.ActiveCfg = Debug|x86
		{6BE950CD-9A34-49C9-939A-786AC89C287E}.Debug|x86.Build.0 = Debug|x86
		{6BE950CD-9A34-49C9-939A-786AC89C287E}.iOS|Any CPU.ActiveCfg = Release|x86
		{6BE950CD-9A34-49C9-939A-786AC89C287E}.iOS|Mixed Platforms.ActiveCfg = Release|x86
		{6BE950CD-9A34-49C9-939A-786AC89C287E}.iOS|Mixed Platforms.Build.0 = Release|x86
		{6BE950CD-9A34-49C9-939A-786AC89C287E}.iOS|x86.ActiveCfg = Release|x86
		{6BE950CD-9A34-49C9-939A-786AC89C287E}.iOS|x86.Build.0 = Release|x86
		{6BE950CD-9A34-49C9-939A-786AC89C287E}.Linux|Any CPU.ActiveCfg = Release|x86
		{6BE950CD-9A34-49C9-939A-786AC89C287E}.Linux|Mixed Platforms.ActiveCfg = Release|x86
		{6BE950CD-9A34-49C9-939A-786AC89C287E}.Linux|Mixed Platforms.Build.0 = Release|x86
		{6BE950CD-9A34-49C9-939A-786AC89C287E}.Linux|x86.ActiveCfg = Release|x86
		{6BE950CD-9A34-49C9-939A-786AC89C287E}.Linux|x86.Build.0 = Release|x86
		{6BE950CD-9A34-49C9-939A-786AC89C287E}.OSX|Any CPU.ActiveCfg = Release|x86
		{6BE950CD-9A34-49C9-939A-786AC89C287E}.OSX|Mixed Platforms.ActiveCfg = Release|x86
		{6BE950CD-9A34-49C9-939A-786AC89C287E}.OSX|Mixed Platforms.Build.0 = Release|x86
		{6BE950CD-9A34-49C9-939A-786AC89C287E}.OSX|x86.ActiveCfg = Release|x86
		{6BE950CD-9A34-49C9-939A-786AC89C287E}.OSX|x86.Build.0 = Release|x86
		{6BE950CD-9A34-49C9-939A-786AC89C287E}.PSM|Any CPU.ActiveCfg = Release|x86
		{6BE950CD-9A34-49C9-939A-786AC89C287E}.PSM|Mixed Platforms.ActiveCfg = Release|x86
		{6BE950CD-9A34-49C9-939A-786AC89C287E}.PSM|Mixed Platforms.Build.0 = Release|x86
		{6BE950CD-9A34-49C9-939A-786AC89C287E}.PSM|x86.ActiveCfg = Release|x86
		{6BE950CD-9A34-49C9-939A-786AC89C287E}.PSM|x86.Build.0 = Release|x86
		{6BE950CD-9A34-49C9-939A-786AC89C287E}.Release|Any CPU.ActiveCfg = Release|x86
		{6BE950CD-9A34-49C9-939A-786AC89C287E}.Release|Mixed Platforms.ActiveCfg = Release|x86
		{6BE950CD-9A34-49C9-939A-786AC89C287E}.Release|Mixed Platforms.Build.0 = Release|x86
		{6BE950CD-9A34-49C9-939A-786AC89C287E}.Release|x86.ActiveCfg = Release|x86
		{6BE950CD-9A34-49C9-939A-786AC89C287E}.Release|x86.Build.0 = Release|x86
		{6BE950CD-9A34-49C9-939A-786AC89C287E}.Windows|Any CPU.ActiveCfg = Release|x86
		{6BE950CD-9A34-49C9-939A-786AC89C287E}.Windows|Mixed Platforms.ActiveCfg = Release|x86
		{6BE950CD-9A34-49C9-939A-786AC89C287E}.Windows|Mixed Platforms.Build.0 = Release|x86
		{6BE950CD-9A34-49C9-939A-786AC89C287E}.Windows|x86.ActiveCfg = Release|x86
		{6BE950CD-9A34-49C9-939A-786AC89C287E}.Windows|x86.Build.0 = Release|x86
		{6BE950CD-9A34-49C9-939A-786AC89C287E}.Windows8|Any CPU.ActiveCfg = Release|x86
		{6BE950CD-9A34-49C9-939A-786AC89C287E}.Windows8|Mixed Platforms.ActiveCfg = Release|x86
		{6BE950CD-9A34-49C9-939A-786AC89C287E}.Windows8|Mixed Platforms.Build.0 = Release|x86
		{6BE950CD-9A34-49C9-939A-786AC89C287E}.Windows8|x86.ActiveCfg = Release|x86
		{6BE950CD-9A34-49C9-939A-786AC89C287E}.Windows8|x86.Build.0 = Release|x86
		{3B8F9EDB-6E5E-450C-ABC2-EC49075D0B50}.Android|Any CPU.ActiveCfg = Release|Any CPU
		{3B8F9EDB-6E5E-450C-ABC2-EC49075D0B50}.Android|Any CPU.Build.0 = Release|Any CPU
		{3B8F9EDB-6E5E-450C-ABC2-EC49075D0B50}.Android|Mixed Platforms.ActiveCfg = Release|Any CPU
		{3B8F9EDB-6E5E-450C-ABC2-EC49075D0B50}.Android|Mixed Platforms.Build.0 = Release|Any CPU
		{3B8F9EDB-6E5E-450C-ABC2-EC49075D0B50}.Android|x86.ActiveCfg = Release|Any CPU
		{3B8F9EDB-6E5E-450C-ABC2-EC49075D0B50}.Android|x86.Build.0 = Release|Any CPU
		{3B8F9EDB-6E5E-450C-ABC2-EC49075D0B50}.Debug|Any CPU.ActiveCfg = Debug|Any CPU
		{3B8F9EDB-6E5E-450C-ABC2-EC49075D0B50}.Debug|Any CPU.Build.0 = Debug|Any CPU
		{3B8F9EDB-6E5E-450C-ABC2-EC49075D0B50}.Debug|Mixed Platforms.ActiveCfg = Debug|Any CPU
		{3B8F9EDB-6E5E-450C-ABC2-EC49075D0B50}.Debug|Mixed Platforms.Build.0 = Debug|Any CPU
		{3B8F9EDB-6E5E-450C-ABC2-EC49075D0B50}.Debug|x86.ActiveCfg = Debug|Any CPU
		{3B8F9EDB-6E5E-450C-ABC2-EC49075D0B50}.Debug|x86.Build.0 = Debug|Any CPU
		{3B8F9EDB-6E5E-450C-ABC2-EC49075D0B50}.iOS|Any CPU.ActiveCfg = Release|Any CPU
		{3B8F9EDB-6E5E-450C-ABC2-EC49075D0B50}.iOS|Any CPU.Build.0 = Release|Any CPU
		{3B8F9EDB-6E5E-450C-ABC2-EC49075D0B50}.iOS|Mixed Platforms.ActiveCfg = Release|Any CPU
		{3B8F9EDB-6E5E-450C-ABC2-EC49075D0B50}.iOS|Mixed Platforms.Build.0 = Release|Any CPU
		{3B8F9EDB-6E5E-450C-ABC2-EC49075D0B50}.iOS|x86.ActiveCfg = Release|Any CPU
		{3B8F9EDB-6E5E-450C-ABC2-EC49075D0B50}.iOS|x86.Build.0 = Release|Any CPU
		{3B8F9EDB-6E5E-450C-ABC2-EC49075D0B50}.Linux|Any CPU.ActiveCfg = Release|Any CPU
		{3B8F9EDB-6E5E-450C-ABC2-EC49075D0B50}.Linux|Any CPU.Build.0 = Release|Any CPU
		{3B8F9EDB-6E5E-450C-ABC2-EC49075D0B50}.Linux|Mixed Platforms.ActiveCfg = Release|Any CPU
		{3B8F9EDB-6E5E-450C-ABC2-EC49075D0B50}.Linux|Mixed Platforms.Build.0 = Release|Any CPU
		{3B8F9EDB-6E5E-450C-ABC2-EC49075D0B50}.Linux|x86.ActiveCfg = Release|Any CPU
		{3B8F9EDB-6E5E-450C-ABC2-EC49075D0B50}.Linux|x86.Build.0 = Release|Any CPU
		{3B8F9EDB-6E5E-450C-ABC2-EC49075D0B50}.OSX|Any CPU.ActiveCfg = Release|Any CPU
		{3B8F9EDB-6E5E-450C-ABC2-EC49075D0B50}.OSX|Any CPU.Build.0 = Release|Any CPU
		{3B8F9EDB-6E5E-450C-ABC2-EC49075D0B50}.OSX|Mixed Platforms.ActiveCfg = Release|Any CPU
		{3B8F9EDB-6E5E-450C-ABC2-EC49075D0B50}.OSX|Mixed Platforms.Build.0 = Release|Any CPU
		{3B8F9EDB-6E5E-450C-ABC2-EC49075D0B50}.OSX|x86.ActiveCfg = Release|Any CPU
		{3B8F9EDB-6E5E-450C-ABC2-EC49075D0B50}.OSX|x86.Build.0 = Release|Any CPU
		{3B8F9EDB-6E5E-450C-ABC2-EC49075D0B50}.PSM|Any CPU.ActiveCfg = Release|Any CPU
		{3B8F9EDB-6E5E-450C-ABC2-EC49075D0B50}.PSM|Any CPU.Build.0 = Release|Any CPU
		{3B8F9EDB-6E5E-450C-ABC2-EC49075D0B50}.PSM|Mixed Platforms.ActiveCfg = Release|Any CPU
		{3B8F9EDB-6E5E-450C-ABC2-EC49075D0B50}.PSM|Mixed Platforms.Build.0 = Release|Any CPU
		{3B8F9EDB-6E5E-450C-ABC2-EC49075D0B50}.PSM|x86.ActiveCfg = Release|Any CPU
		{3B8F9EDB-6E5E-450C-ABC2-EC49075D0B50}.PSM|x86.Build.0 = Release|Any CPU
		{3B8F9EDB-6E5E-450C-ABC2-EC49075D0B50}.Release|Any CPU.ActiveCfg = Release|Any CPU
		{3B8F9EDB-6E5E-450C-ABC2-EC49075D0B50}.Release|Any CPU.Build.0 = Release|Any CPU
		{3B8F9EDB-6E5E-450C-ABC2-EC49075D0B50}.Release|Mixed Platforms.ActiveCfg = Release|Any CPU
		{3B8F9EDB-6E5E-450C-ABC2-EC49075D0B50}.Release|Mixed Platforms.Build.0 = Release|Any CPU
		{3B8F9EDB-6E5E-450C-ABC2-EC49075D0B50}.Release|x86.ActiveCfg = Release|Any CPU
		{3B8F9EDB-6E5E-450C-ABC2-EC49075D0B50}.Release|x86.Build.0 = Release|Any CPU
		{3B8F9EDB-6E5E-450C-ABC2-EC49075D0B50}.Windows|Any CPU.ActiveCfg = Release|Any CPU
		{3B8F9EDB-6E5E-450C-ABC2-EC49075D0B50}.Windows|Any CPU.Build.0 = Release|Any CPU
		{3B8F9EDB-6E5E-450C-ABC2-EC49075D0B50}.Windows|Mixed Platforms.ActiveCfg = Release|Any CPU
		{3B8F9EDB-6E5E-450C-ABC2-EC49075D0B50}.Windows|Mixed Platforms.Build.0 = Release|Any CPU
		{3B8F9EDB-6E5E-450C-ABC2-EC49075D0B50}.Windows|x86.ActiveCfg = Release|Any CPU
		{3B8F9EDB-6E5E-450C-ABC2-EC49075D0B50}.Windows|x86.Build.0 = Release|Any CPU
		{3B8F9EDB-6E5E-450C-ABC2-EC49075D0B50}.Windows8|Any CPU.ActiveCfg = Release|Any CPU
		{3B8F9EDB-6E5E-450C-ABC2-EC49075D0B50}.Windows8|Any CPU.Build.0 = Release|Any CPU
		{3B8F9EDB-6E5E-450C-ABC2-EC49075D0B50}.Windows8|Mixed Platforms.ActiveCfg = Release|Any CPU
		{3B8F9EDB-6E5E-450C-ABC2-EC49075D0B50}.Windows8|Mixed Platforms.Build.0 = Release|Any CPU
		{3B8F9EDB-6E5E-450C-ABC2-EC49075D0B50}.Windows8|x86.ActiveCfg = Release|Any CPU
		{3B8F9EDB-6E5E-450C-ABC2-EC49075D0B50}.Windows8|x86.Build.0 = Release|Any CPU
	EndGlobalSection
	GlobalSection(SolutionProperties) = preSolution
		HideSolutionNode = FALSE
	EndGlobalSection
EndGlobal
