
Microsoft Visual Studio Solution File, Format Version 12.00
# Visual Studio 2013
VisualStudioVersion = 12.0.21005.1
MinimumVisualStudioVersion = 10.0.40219.1
Project("{FAE04EC0-301F-11D3-BF4B-00C04F79EFBC}") = "Subsurface", "Subsurface\Subsurface.csproj", "{008C0F83-E914-4966-9135-EA885059EDD8}"
EndProject
Project("{FAE04EC0-301F-11D3-BF4B-00C04F79EFBC}") = "Subsurface_contentContent", "Subsurface_content\Subsurface_contentContent\Subsurface_contentContent.contentproj", "{8C1D2051-F0F3-457B-AAAE-4E155FC7C75C}"
EndProject
Project("{FAE04EC0-301F-11D3-BF4B-00C04F79EFBC}") = "Subsurface_content", "Subsurface_content\Subsurface_content\Subsurface_content.csproj", "{1E6BF44D-6E31-40CC-8321-3D5958C983E7}"
EndProject
Project("{FAE04EC0-301F-11D3-BF4B-00C04F79EFBC}") = "Farseer Physics MonoGame", "Farseer Physics Engine 3.5\Farseer Physics MonoGame.csproj", "{0AAD36E3-51A5-4A07-AB60-5C8A66BD38B7}"
EndProject
Project("{FAE04EC0-301F-11D3-BF4B-00C04F79EFBC}") = "Launcher", "Launcher\Launcher.csproj", "{24420B91-6CD9-4DE3-9ADD-2F2C7E1FB6BB}"
EndProject
Project("{FAE04EC0-301F-11D3-BF4B-00C04F79EFBC}") = "Lidgren.Network", "Lidgren.Network\Lidgren.Network.csproj", "{49BA1C69-6104-41AC-A5D8-B54FA9F696E8}"
EndProject
Project("{FAE04EC0-301F-11D3-BF4B-00C04F79EFBC}") = "Launcher2", "Launcher2\Launcher2.csproj", "{251AAFE1-F24B-4837-9128-9D04FCBFD528}"
EndProject
Global
	GlobalSection(SolutionConfigurationPlatforms) = preSolution
		Android|Any CPU = Android|Any CPU
		Android|Mixed Platforms = Android|Mixed Platforms
		Android|x86 = Android|x86
		Debug|Any CPU = Debug|Any CPU
		Debug|Mixed Platforms = Debug|Mixed Platforms
		Debug|x86 = Debug|x86
		iOS|Any CPU = iOS|Any CPU
		iOS|Mixed Platforms = iOS|Mixed Platforms
		iOS|x86 = iOS|x86
		Linux|Any CPU = Linux|Any CPU
		Linux|Mixed Platforms = Linux|Mixed Platforms
		Linux|x86 = Linux|x86
		OSX|Any CPU = OSX|Any CPU
		OSX|Mixed Platforms = OSX|Mixed Platforms
		OSX|x86 = OSX|x86
		PSM|Any CPU = PSM|Any CPU
		PSM|Mixed Platforms = PSM|Mixed Platforms
		PSM|x86 = PSM|x86
		Release|Any CPU = Release|Any CPU
		Release|Mixed Platforms = Release|Mixed Platforms
		Release|x86 = Release|x86
		Windows|Any CPU = Windows|Any CPU
		Windows|Mixed Platforms = Windows|Mixed Platforms
		Windows|x86 = Windows|x86
		Windows8|Any CPU = Windows8|Any CPU
		Windows8|Mixed Platforms = Windows8|Mixed Platforms
		Windows8|x86 = Windows8|x86
	EndGlobalSection
	GlobalSection(ProjectConfigurationPlatforms) = postSolution
		{008C0F83-E914-4966-9135-EA885059EDD8}.Android|Any CPU.ActiveCfg = Release|x86
		{008C0F83-E914-4966-9135-EA885059EDD8}.Android|Mixed Platforms.ActiveCfg = Release|x86
		{008C0F83-E914-4966-9135-EA885059EDD8}.Android|Mixed Platforms.Build.0 = Release|x86
		{008C0F83-E914-4966-9135-EA885059EDD8}.Android|x86.ActiveCfg = Release|x86
		{008C0F83-E914-4966-9135-EA885059EDD8}.Android|x86.Build.0 = Release|x86
		{008C0F83-E914-4966-9135-EA885059EDD8}.Debug|Any CPU.ActiveCfg = Debug|x86
		{008C0F83-E914-4966-9135-EA885059EDD8}.Debug|Mixed Platforms.ActiveCfg = Debug|x86
		{008C0F83-E914-4966-9135-EA885059EDD8}.Debug|Mixed Platforms.Build.0 = Debug|x86
		{008C0F83-E914-4966-9135-EA885059EDD8}.Debug|x86.ActiveCfg = Debug|x86
		{008C0F83-E914-4966-9135-EA885059EDD8}.Debug|x86.Build.0 = Debug|x86
		{008C0F83-E914-4966-9135-EA885059EDD8}.iOS|Any CPU.ActiveCfg = Release|x86
		{008C0F83-E914-4966-9135-EA885059EDD8}.iOS|Mixed Platforms.ActiveCfg = Release|x86
		{008C0F83-E914-4966-9135-EA885059EDD8}.iOS|Mixed Platforms.Build.0 = Release|x86
		{008C0F83-E914-4966-9135-EA885059EDD8}.iOS|x86.ActiveCfg = Release|x86
		{008C0F83-E914-4966-9135-EA885059EDD8}.iOS|x86.Build.0 = Release|x86
		{008C0F83-E914-4966-9135-EA885059EDD8}.Linux|Any CPU.ActiveCfg = Release|x86
		{008C0F83-E914-4966-9135-EA885059EDD8}.Linux|Mixed Platforms.ActiveCfg = Release|x86
		{008C0F83-E914-4966-9135-EA885059EDD8}.Linux|Mixed Platforms.Build.0 = Release|x86
		{008C0F83-E914-4966-9135-EA885059EDD8}.Linux|x86.ActiveCfg = Release|x86
		{008C0F83-E914-4966-9135-EA885059EDD8}.Linux|x86.Build.0 = Release|x86
		{008C0F83-E914-4966-9135-EA885059EDD8}.OSX|Any CPU.ActiveCfg = Release|x86
		{008C0F83-E914-4966-9135-EA885059EDD8}.OSX|Mixed Platforms.ActiveCfg = Release|x86
		{008C0F83-E914-4966-9135-EA885059EDD8}.OSX|Mixed Platforms.Build.0 = Release|x86
		{008C0F83-E914-4966-9135-EA885059EDD8}.OSX|x86.ActiveCfg = Release|x86
		{008C0F83-E914-4966-9135-EA885059EDD8}.OSX|x86.Build.0 = Release|x86
		{008C0F83-E914-4966-9135-EA885059EDD8}.PSM|Any CPU.ActiveCfg = Release|x86
		{008C0F83-E914-4966-9135-EA885059EDD8}.PSM|Mixed Platforms.ActiveCfg = Release|x86
		{008C0F83-E914-4966-9135-EA885059EDD8}.PSM|Mixed Platforms.Build.0 = Release|x86
		{008C0F83-E914-4966-9135-EA885059EDD8}.PSM|x86.ActiveCfg = Release|x86
		{008C0F83-E914-4966-9135-EA885059EDD8}.PSM|x86.Build.0 = Release|x86
		{008C0F83-E914-4966-9135-EA885059EDD8}.Release|Any CPU.ActiveCfg = Release|x86
		{008C0F83-E914-4966-9135-EA885059EDD8}.Release|Mixed Platforms.ActiveCfg = Release|x86
		{008C0F83-E914-4966-9135-EA885059EDD8}.Release|Mixed Platforms.Build.0 = Release|x86
		{008C0F83-E914-4966-9135-EA885059EDD8}.Release|x86.ActiveCfg = Release|x86
		{008C0F83-E914-4966-9135-EA885059EDD8}.Release|x86.Build.0 = Release|x86
		{008C0F83-E914-4966-9135-EA885059EDD8}.Windows|Any CPU.ActiveCfg = Release|x86
		{008C0F83-E914-4966-9135-EA885059EDD8}.Windows|Mixed Platforms.ActiveCfg = Release|x86
		{008C0F83-E914-4966-9135-EA885059EDD8}.Windows|Mixed Platforms.Build.0 = Release|x86
		{008C0F83-E914-4966-9135-EA885059EDD8}.Windows|x86.ActiveCfg = Release|x86
		{008C0F83-E914-4966-9135-EA885059EDD8}.Windows|x86.Build.0 = Release|x86
		{008C0F83-E914-4966-9135-EA885059EDD8}.Windows8|Any CPU.ActiveCfg = Release|x86
		{008C0F83-E914-4966-9135-EA885059EDD8}.Windows8|Mixed Platforms.ActiveCfg = Release|x86
		{008C0F83-E914-4966-9135-EA885059EDD8}.Windows8|Mixed Platforms.Build.0 = Release|x86
		{008C0F83-E914-4966-9135-EA885059EDD8}.Windows8|x86.ActiveCfg = Release|x86
		{008C0F83-E914-4966-9135-EA885059EDD8}.Windows8|x86.Build.0 = Release|x86
		{8C1D2051-F0F3-457B-AAAE-4E155FC7C75C}.Android|Any CPU.ActiveCfg = Android|Any CPU
		{8C1D2051-F0F3-457B-AAAE-4E155FC7C75C}.Android|Mixed Platforms.ActiveCfg = Android|Any CPU
		{8C1D2051-F0F3-457B-AAAE-4E155FC7C75C}.Android|x86.ActiveCfg = Android|Any CPU
		{8C1D2051-F0F3-457B-AAAE-4E155FC7C75C}.Debug|Any CPU.ActiveCfg = PSM|Any CPU
		{8C1D2051-F0F3-457B-AAAE-4E155FC7C75C}.Debug|Mixed Platforms.ActiveCfg = PSM|Any CPU
		{8C1D2051-F0F3-457B-AAAE-4E155FC7C75C}.Debug|x86.ActiveCfg = PSM|Any CPU
		{8C1D2051-F0F3-457B-AAAE-4E155FC7C75C}.iOS|Any CPU.ActiveCfg = iOS|Any CPU
		{8C1D2051-F0F3-457B-AAAE-4E155FC7C75C}.iOS|Mixed Platforms.ActiveCfg = iOS|Any CPU
		{8C1D2051-F0F3-457B-AAAE-4E155FC7C75C}.iOS|x86.ActiveCfg = iOS|Any CPU
		{8C1D2051-F0F3-457B-AAAE-4E155FC7C75C}.Linux|Any CPU.ActiveCfg = Linux|Any CPU
		{8C1D2051-F0F3-457B-AAAE-4E155FC7C75C}.Linux|Mixed Platforms.ActiveCfg = Linux|Any CPU
		{8C1D2051-F0F3-457B-AAAE-4E155FC7C75C}.Linux|x86.ActiveCfg = Linux|Any CPU
		{8C1D2051-F0F3-457B-AAAE-4E155FC7C75C}.OSX|Any CPU.ActiveCfg = OSX|Any CPU
		{8C1D2051-F0F3-457B-AAAE-4E155FC7C75C}.OSX|Mixed Platforms.ActiveCfg = OSX|Any CPU
		{8C1D2051-F0F3-457B-AAAE-4E155FC7C75C}.OSX|x86.ActiveCfg = OSX|Any CPU
		{8C1D2051-F0F3-457B-AAAE-4E155FC7C75C}.PSM|Any CPU.ActiveCfg = PSM|Any CPU
		{8C1D2051-F0F3-457B-AAAE-4E155FC7C75C}.PSM|Mixed Platforms.ActiveCfg = PSM|Any CPU
		{8C1D2051-F0F3-457B-AAAE-4E155FC7C75C}.PSM|x86.ActiveCfg = PSM|Any CPU
		{8C1D2051-F0F3-457B-AAAE-4E155FC7C75C}.Release|Any CPU.ActiveCfg = PSM|Any CPU
		{8C1D2051-F0F3-457B-AAAE-4E155FC7C75C}.Release|Mixed Platforms.ActiveCfg = PSM|Any CPU
		{8C1D2051-F0F3-457B-AAAE-4E155FC7C75C}.Release|x86.ActiveCfg = PSM|Any CPU
		{8C1D2051-F0F3-457B-AAAE-4E155FC7C75C}.Windows|Any CPU.ActiveCfg = Windows|Any CPU
		{8C1D2051-F0F3-457B-AAAE-4E155FC7C75C}.Windows|Mixed Platforms.ActiveCfg = Windows|Any CPU
		{8C1D2051-F0F3-457B-AAAE-4E155FC7C75C}.Windows|x86.ActiveCfg = Windows|Any CPU
		{8C1D2051-F0F3-457B-AAAE-4E155FC7C75C}.Windows8|Any CPU.ActiveCfg = Windows8|Any CPU
		{8C1D2051-F0F3-457B-AAAE-4E155FC7C75C}.Windows8|Mixed Platforms.ActiveCfg = Windows8|Any CPU
		{8C1D2051-F0F3-457B-AAAE-4E155FC7C75C}.Windows8|x86.ActiveCfg = Windows8|Any CPU
		{1E6BF44D-6E31-40CC-8321-3D5958C983E7}.Android|Any CPU.ActiveCfg = Android|Any CPU
		{1E6BF44D-6E31-40CC-8321-3D5958C983E7}.Android|Any CPU.Build.0 = Android|Any CPU
		{1E6BF44D-6E31-40CC-8321-3D5958C983E7}.Android|Mixed Platforms.ActiveCfg = Android|Any CPU
		{1E6BF44D-6E31-40CC-8321-3D5958C983E7}.Android|Mixed Platforms.Build.0 = Android|Any CPU
		{1E6BF44D-6E31-40CC-8321-3D5958C983E7}.Android|x86.ActiveCfg = Android|Any CPU
		{1E6BF44D-6E31-40CC-8321-3D5958C983E7}.Debug|Any CPU.ActiveCfg = PSM|Any CPU
		{1E6BF44D-6E31-40CC-8321-3D5958C983E7}.Debug|Any CPU.Build.0 = PSM|Any CPU
		{1E6BF44D-6E31-40CC-8321-3D5958C983E7}.Debug|Mixed Platforms.ActiveCfg = PSM|Any CPU
		{1E6BF44D-6E31-40CC-8321-3D5958C983E7}.Debug|Mixed Platforms.Build.0 = PSM|Any CPU
		{1E6BF44D-6E31-40CC-8321-3D5958C983E7}.Debug|x86.ActiveCfg = PSM|Any CPU
		{1E6BF44D-6E31-40CC-8321-3D5958C983E7}.iOS|Any CPU.ActiveCfg = iOS|Any CPU
		{1E6BF44D-6E31-40CC-8321-3D5958C983E7}.iOS|Any CPU.Build.0 = iOS|Any CPU
		{1E6BF44D-6E31-40CC-8321-3D5958C983E7}.iOS|Mixed Platforms.ActiveCfg = iOS|Any CPU
		{1E6BF44D-6E31-40CC-8321-3D5958C983E7}.iOS|Mixed Platforms.Build.0 = iOS|Any CPU
		{1E6BF44D-6E31-40CC-8321-3D5958C983E7}.iOS|x86.ActiveCfg = iOS|Any CPU
		{1E6BF44D-6E31-40CC-8321-3D5958C983E7}.Linux|Any CPU.ActiveCfg = Linux|Any CPU
		{1E6BF44D-6E31-40CC-8321-3D5958C983E7}.Linux|Any CPU.Build.0 = Linux|Any CPU
		{1E6BF44D-6E31-40CC-8321-3D5958C983E7}.Linux|Mixed Platforms.ActiveCfg = Linux|Any CPU
		{1E6BF44D-6E31-40CC-8321-3D5958C983E7}.Linux|Mixed Platforms.Build.0 = Linux|Any CPU
		{1E6BF44D-6E31-40CC-8321-3D5958C983E7}.Linux|x86.ActiveCfg = Linux|Any CPU
		{1E6BF44D-6E31-40CC-8321-3D5958C983E7}.OSX|Any CPU.ActiveCfg = OSX|Any CPU
		{1E6BF44D-6E31-40CC-8321-3D5958C983E7}.OSX|Any CPU.Build.0 = OSX|Any CPU
		{1E6BF44D-6E31-40CC-8321-3D5958C983E7}.OSX|Mixed Platforms.ActiveCfg = OSX|Any CPU
		{1E6BF44D-6E31-40CC-8321-3D5958C983E7}.OSX|Mixed Platforms.Build.0 = OSX|Any CPU
		{1E6BF44D-6E31-40CC-8321-3D5958C983E7}.OSX|x86.ActiveCfg = OSX|Any CPU
		{1E6BF44D-6E31-40CC-8321-3D5958C983E7}.PSM|Any CPU.ActiveCfg = PSM|Any CPU
		{1E6BF44D-6E31-40CC-8321-3D5958C983E7}.PSM|Any CPU.Build.0 = PSM|Any CPU
		{1E6BF44D-6E31-40CC-8321-3D5958C983E7}.PSM|Mixed Platforms.ActiveCfg = PSM|Any CPU
		{1E6BF44D-6E31-40CC-8321-3D5958C983E7}.PSM|Mixed Platforms.Build.0 = PSM|Any CPU
		{1E6BF44D-6E31-40CC-8321-3D5958C983E7}.PSM|x86.ActiveCfg = PSM|Any CPU
		{1E6BF44D-6E31-40CC-8321-3D5958C983E7}.Release|Any CPU.ActiveCfg = PSM|Any CPU
		{1E6BF44D-6E31-40CC-8321-3D5958C983E7}.Release|Any CPU.Build.0 = PSM|Any CPU
		{1E6BF44D-6E31-40CC-8321-3D5958C983E7}.Release|Mixed Platforms.ActiveCfg = PSM|Any CPU
		{1E6BF44D-6E31-40CC-8321-3D5958C983E7}.Release|Mixed Platforms.Build.0 = PSM|Any CPU
		{1E6BF44D-6E31-40CC-8321-3D5958C983E7}.Release|x86.ActiveCfg = PSM|Any CPU
		{1E6BF44D-6E31-40CC-8321-3D5958C983E7}.Windows|Any CPU.ActiveCfg = Windows|Any CPU
		{1E6BF44D-6E31-40CC-8321-3D5958C983E7}.Windows|Any CPU.Build.0 = Windows|Any CPU
		{1E6BF44D-6E31-40CC-8321-3D5958C983E7}.Windows|Mixed Platforms.ActiveCfg = Windows|Any CPU
		{1E6BF44D-6E31-40CC-8321-3D5958C983E7}.Windows|Mixed Platforms.Build.0 = Windows|Any CPU
		{1E6BF44D-6E31-40CC-8321-3D5958C983E7}.Windows|x86.ActiveCfg = Windows|Any CPU
		{1E6BF44D-6E31-40CC-8321-3D5958C983E7}.Windows8|Any CPU.ActiveCfg = Windows8|Any CPU
		{1E6BF44D-6E31-40CC-8321-3D5958C983E7}.Windows8|Any CPU.Build.0 = Windows8|Any CPU
		{1E6BF44D-6E31-40CC-8321-3D5958C983E7}.Windows8|Mixed Platforms.ActiveCfg = Windows8|Any CPU
		{1E6BF44D-6E31-40CC-8321-3D5958C983E7}.Windows8|Mixed Platforms.Build.0 = Windows8|Any CPU
		{1E6BF44D-6E31-40CC-8321-3D5958C983E7}.Windows8|x86.ActiveCfg = Windows8|Any CPU
		{0AAD36E3-51A5-4A07-AB60-5C8A66BD38B7}.Android|Any CPU.ActiveCfg = Release|x86
		{0AAD36E3-51A5-4A07-AB60-5C8A66BD38B7}.Android|Mixed Platforms.ActiveCfg = Release|x86
		{0AAD36E3-51A5-4A07-AB60-5C8A66BD38B7}.Android|Mixed Platforms.Build.0 = Release|x86
		{0AAD36E3-51A5-4A07-AB60-5C8A66BD38B7}.Android|x86.ActiveCfg = Release|x86
		{0AAD36E3-51A5-4A07-AB60-5C8A66BD38B7}.Android|x86.Build.0 = Release|x86
		{0AAD36E3-51A5-4A07-AB60-5C8A66BD38B7}.Debug|Any CPU.ActiveCfg = Debug|x86
		{0AAD36E3-51A5-4A07-AB60-5C8A66BD38B7}.Debug|Mixed Platforms.ActiveCfg = Debug|x86
		{0AAD36E3-51A5-4A07-AB60-5C8A66BD38B7}.Debug|Mixed Platforms.Build.0 = Debug|x86
		{0AAD36E3-51A5-4A07-AB60-5C8A66BD38B7}.Debug|x86.ActiveCfg = Debug|x86
		{0AAD36E3-51A5-4A07-AB60-5C8A66BD38B7}.Debug|x86.Build.0 = Debug|x86
		{0AAD36E3-51A5-4A07-AB60-5C8A66BD38B7}.iOS|Any CPU.ActiveCfg = Release|x86
		{0AAD36E3-51A5-4A07-AB60-5C8A66BD38B7}.iOS|Mixed Platforms.ActiveCfg = Release|x86
		{0AAD36E3-51A5-4A07-AB60-5C8A66BD38B7}.iOS|Mixed Platforms.Build.0 = Release|x86
		{0AAD36E3-51A5-4A07-AB60-5C8A66BD38B7}.iOS|x86.ActiveCfg = Release|x86
		{0AAD36E3-51A5-4A07-AB60-5C8A66BD38B7}.iOS|x86.Build.0 = Release|x86
		{0AAD36E3-51A5-4A07-AB60-5C8A66BD38B7}.Linux|Any CPU.ActiveCfg = Release|x86
		{0AAD36E3-51A5-4A07-AB60-5C8A66BD38B7}.Linux|Mixed Platforms.ActiveCfg = Release|x86
		{0AAD36E3-51A5-4A07-AB60-5C8A66BD38B7}.Linux|Mixed Platforms.Build.0 = Release|x86
		{0AAD36E3-51A5-4A07-AB60-5C8A66BD38B7}.Linux|x86.ActiveCfg = Release|x86
		{0AAD36E3-51A5-4A07-AB60-5C8A66BD38B7}.Linux|x86.Build.0 = Release|x86
		{0AAD36E3-51A5-4A07-AB60-5C8A66BD38B7}.OSX|Any CPU.ActiveCfg = Release|x86
		{0AAD36E3-51A5-4A07-AB60-5C8A66BD38B7}.OSX|Mixed Platforms.ActiveCfg = Release|x86
		{0AAD36E3-51A5-4A07-AB60-5C8A66BD38B7}.OSX|Mixed Platforms.Build.0 = Release|x86
		{0AAD36E3-51A5-4A07-AB60-5C8A66BD38B7}.OSX|x86.ActiveCfg = Release|x86
		{0AAD36E3-51A5-4A07-AB60-5C8A66BD38B7}.OSX|x86.Build.0 = Release|x86
		{0AAD36E3-51A5-4A07-AB60-5C8A66BD38B7}.PSM|Any CPU.ActiveCfg = Release|x86
		{0AAD36E3-51A5-4A07-AB60-5C8A66BD38B7}.PSM|Mixed Platforms.ActiveCfg = Release|x86
		{0AAD36E3-51A5-4A07-AB60-5C8A66BD38B7}.PSM|Mixed Platforms.Build.0 = Release|x86
		{0AAD36E3-51A5-4A07-AB60-5C8A66BD38B7}.PSM|x86.ActiveCfg = Release|x86
		{0AAD36E3-51A5-4A07-AB60-5C8A66BD38B7}.PSM|x86.Build.0 = Release|x86
		{0AAD36E3-51A5-4A07-AB60-5C8A66BD38B7}.Release|Any CPU.ActiveCfg = Release|x86
		{0AAD36E3-51A5-4A07-AB60-5C8A66BD38B7}.Release|Mixed Platforms.ActiveCfg = Release|x86
		{0AAD36E3-51A5-4A07-AB60-5C8A66BD38B7}.Release|Mixed Platforms.Build.0 = Release|x86
		{0AAD36E3-51A5-4A07-AB60-5C8A66BD38B7}.Release|x86.ActiveCfg = Release|x86
		{0AAD36E3-51A5-4A07-AB60-5C8A66BD38B7}.Release|x86.Build.0 = Release|x86
		{0AAD36E3-51A5-4A07-AB60-5C8A66BD38B7}.Windows|Any CPU.ActiveCfg = Release|x86
		{0AAD36E3-51A5-4A07-AB60-5C8A66BD38B7}.Windows|Mixed Platforms.ActiveCfg = Release|x86
		{0AAD36E3-51A5-4A07-AB60-5C8A66BD38B7}.Windows|Mixed Platforms.Build.0 = Release|x86
		{0AAD36E3-51A5-4A07-AB60-5C8A66BD38B7}.Windows|x86.ActiveCfg = Release|x86
		{0AAD36E3-51A5-4A07-AB60-5C8A66BD38B7}.Windows|x86.Build.0 = Release|x86
		{0AAD36E3-51A5-4A07-AB60-5C8A66BD38B7}.Windows8|Any CPU.ActiveCfg = Release|x86
		{0AAD36E3-51A5-4A07-AB60-5C8A66BD38B7}.Windows8|Mixed Platforms.ActiveCfg = Release|x86
		{0AAD36E3-51A5-4A07-AB60-5C8A66BD38B7}.Windows8|Mixed Platforms.Build.0 = Release|x86
		{0AAD36E3-51A5-4A07-AB60-5C8A66BD38B7}.Windows8|x86.ActiveCfg = Release|x86
		{0AAD36E3-51A5-4A07-AB60-5C8A66BD38B7}.Windows8|x86.Build.0 = Release|x86
		{24420B91-6CD9-4DE3-9ADD-2F2C7E1FB6BB}.Android|Any CPU.ActiveCfg = Release|Any CPU
		{24420B91-6CD9-4DE3-9ADD-2F2C7E1FB6BB}.Android|Any CPU.Build.0 = Release|Any CPU
		{24420B91-6CD9-4DE3-9ADD-2F2C7E1FB6BB}.Android|Mixed Platforms.ActiveCfg = Release|Any CPU
		{24420B91-6CD9-4DE3-9ADD-2F2C7E1FB6BB}.Android|Mixed Platforms.Build.0 = Release|Any CPU
		{24420B91-6CD9-4DE3-9ADD-2F2C7E1FB6BB}.Android|x86.ActiveCfg = Release|Any CPU
		{24420B91-6CD9-4DE3-9ADD-2F2C7E1FB6BB}.Debug|Any CPU.ActiveCfg = Debug|Any CPU
		{24420B91-6CD9-4DE3-9ADD-2F2C7E1FB6BB}.Debug|Any CPU.Build.0 = Debug|Any CPU
		{24420B91-6CD9-4DE3-9ADD-2F2C7E1FB6BB}.Debug|Mixed Platforms.ActiveCfg = Debug|Any CPU
		{24420B91-6CD9-4DE3-9ADD-2F2C7E1FB6BB}.Debug|Mixed Platforms.Build.0 = Debug|Any CPU
		{24420B91-6CD9-4DE3-9ADD-2F2C7E1FB6BB}.Debug|x86.ActiveCfg = Debug|Any CPU
		{24420B91-6CD9-4DE3-9ADD-2F2C7E1FB6BB}.iOS|Any CPU.ActiveCfg = Release|Any CPU
		{24420B91-6CD9-4DE3-9ADD-2F2C7E1FB6BB}.iOS|Any CPU.Build.0 = Release|Any CPU
		{24420B91-6CD9-4DE3-9ADD-2F2C7E1FB6BB}.iOS|Mixed Platforms.ActiveCfg = Release|Any CPU
		{24420B91-6CD9-4DE3-9ADD-2F2C7E1FB6BB}.iOS|Mixed Platforms.Build.0 = Release|Any CPU
		{24420B91-6CD9-4DE3-9ADD-2F2C7E1FB6BB}.iOS|x86.ActiveCfg = Release|Any CPU
		{24420B91-6CD9-4DE3-9ADD-2F2C7E1FB6BB}.Linux|Any CPU.ActiveCfg = Release|Any CPU
		{24420B91-6CD9-4DE3-9ADD-2F2C7E1FB6BB}.Linux|Any CPU.Build.0 = Release|Any CPU
		{24420B91-6CD9-4DE3-9ADD-2F2C7E1FB6BB}.Linux|Mixed Platforms.ActiveCfg = Release|Any CPU
		{24420B91-6CD9-4DE3-9ADD-2F2C7E1FB6BB}.Linux|Mixed Platforms.Build.0 = Release|Any CPU
		{24420B91-6CD9-4DE3-9ADD-2F2C7E1FB6BB}.Linux|x86.ActiveCfg = Release|Any CPU
		{24420B91-6CD9-4DE3-9ADD-2F2C7E1FB6BB}.OSX|Any CPU.ActiveCfg = Release|Any CPU
		{24420B91-6CD9-4DE3-9ADD-2F2C7E1FB6BB}.OSX|Any CPU.Build.0 = Release|Any CPU
		{24420B91-6CD9-4DE3-9ADD-2F2C7E1FB6BB}.OSX|Mixed Platforms.ActiveCfg = Release|Any CPU
		{24420B91-6CD9-4DE3-9ADD-2F2C7E1FB6BB}.OSX|Mixed Platforms.Build.0 = Release|Any CPU
		{24420B91-6CD9-4DE3-9ADD-2F2C7E1FB6BB}.OSX|x86.ActiveCfg = Release|Any CPU
		{24420B91-6CD9-4DE3-9ADD-2F2C7E1FB6BB}.PSM|Any CPU.ActiveCfg = Release|Any CPU
		{24420B91-6CD9-4DE3-9ADD-2F2C7E1FB6BB}.PSM|Any CPU.Build.0 = Release|Any CPU
		{24420B91-6CD9-4DE3-9ADD-2F2C7E1FB6BB}.PSM|Mixed Platforms.ActiveCfg = Release|Any CPU
		{24420B91-6CD9-4DE3-9ADD-2F2C7E1FB6BB}.PSM|Mixed Platforms.Build.0 = Release|Any CPU
		{24420B91-6CD9-4DE3-9ADD-2F2C7E1FB6BB}.PSM|x86.ActiveCfg = Release|Any CPU
		{24420B91-6CD9-4DE3-9ADD-2F2C7E1FB6BB}.Release|Any CPU.ActiveCfg = Release|Any CPU
		{24420B91-6CD9-4DE3-9ADD-2F2C7E1FB6BB}.Release|Any CPU.Build.0 = Release|Any CPU
		{24420B91-6CD9-4DE3-9ADD-2F2C7E1FB6BB}.Release|Mixed Platforms.ActiveCfg = Release|Any CPU
		{24420B91-6CD9-4DE3-9ADD-2F2C7E1FB6BB}.Release|Mixed Platforms.Build.0 = Release|Any CPU
		{24420B91-6CD9-4DE3-9ADD-2F2C7E1FB6BB}.Release|x86.ActiveCfg = Release|Any CPU
		{24420B91-6CD9-4DE3-9ADD-2F2C7E1FB6BB}.Windows|Any CPU.ActiveCfg = Release|Any CPU
		{24420B91-6CD9-4DE3-9ADD-2F2C7E1FB6BB}.Windows|Any CPU.Build.0 = Release|Any CPU
		{24420B91-6CD9-4DE3-9ADD-2F2C7E1FB6BB}.Windows|Mixed Platforms.ActiveCfg = Release|Any CPU
		{24420B91-6CD9-4DE3-9ADD-2F2C7E1FB6BB}.Windows|Mixed Platforms.Build.0 = Release|Any CPU
		{24420B91-6CD9-4DE3-9ADD-2F2C7E1FB6BB}.Windows|x86.ActiveCfg = Release|Any CPU
		{24420B91-6CD9-4DE3-9ADD-2F2C7E1FB6BB}.Windows8|Any CPU.ActiveCfg = Release|Any CPU
		{24420B91-6CD9-4DE3-9ADD-2F2C7E1FB6BB}.Windows8|Any CPU.Build.0 = Release|Any CPU
		{24420B91-6CD9-4DE3-9ADD-2F2C7E1FB6BB}.Windows8|Mixed Platforms.ActiveCfg = Release|Any CPU
		{24420B91-6CD9-4DE3-9ADD-2F2C7E1FB6BB}.Windows8|Mixed Platforms.Build.0 = Release|Any CPU
		{24420B91-6CD9-4DE3-9ADD-2F2C7E1FB6BB}.Windows8|x86.ActiveCfg = Release|Any CPU
		{49BA1C69-6104-41AC-A5D8-B54FA9F696E8}.Android|Any CPU.ActiveCfg = Release|Any CPU
		{49BA1C69-6104-41AC-A5D8-B54FA9F696E8}.Android|Any CPU.Build.0 = Release|Any CPU
		{49BA1C69-6104-41AC-A5D8-B54FA9F696E8}.Android|Mixed Platforms.ActiveCfg = Release|Any CPU
		{49BA1C69-6104-41AC-A5D8-B54FA9F696E8}.Android|Mixed Platforms.Build.0 = Release|Any CPU
		{49BA1C69-6104-41AC-A5D8-B54FA9F696E8}.Android|x86.ActiveCfg = Release|Any CPU
		{49BA1C69-6104-41AC-A5D8-B54FA9F696E8}.Debug|Any CPU.ActiveCfg = Debug|Any CPU
		{49BA1C69-6104-41AC-A5D8-B54FA9F696E8}.Debug|Any CPU.Build.0 = Debug|Any CPU
		{49BA1C69-6104-41AC-A5D8-B54FA9F696E8}.Debug|Mixed Platforms.ActiveCfg = Debug|Any CPU
		{49BA1C69-6104-41AC-A5D8-B54FA9F696E8}.Debug|Mixed Platforms.Build.0 = Debug|Any CPU
		{49BA1C69-6104-41AC-A5D8-B54FA9F696E8}.Debug|x86.ActiveCfg = Debug|Any CPU
		{49BA1C69-6104-41AC-A5D8-B54FA9F696E8}.iOS|Any CPU.ActiveCfg = Release|Any CPU
		{49BA1C69-6104-41AC-A5D8-B54FA9F696E8}.iOS|Any CPU.Build.0 = Release|Any CPU
		{49BA1C69-6104-41AC-A5D8-B54FA9F696E8}.iOS|Mixed Platforms.ActiveCfg = Release|Any CPU
		{49BA1C69-6104-41AC-A5D8-B54FA9F696E8}.iOS|Mixed Platforms.Build.0 = Release|Any CPU
		{49BA1C69-6104-41AC-A5D8-B54FA9F696E8}.iOS|x86.ActiveCfg = Release|Any CPU
		{49BA1C69-6104-41AC-A5D8-B54FA9F696E8}.Linux|Any CPU.ActiveCfg = Release|Any CPU
		{49BA1C69-6104-41AC-A5D8-B54FA9F696E8}.Linux|Any CPU.Build.0 = Release|Any CPU
		{49BA1C69-6104-41AC-A5D8-B54FA9F696E8}.Linux|Mixed Platforms.ActiveCfg = Release|Any CPU
		{49BA1C69-6104-41AC-A5D8-B54FA9F696E8}.Linux|Mixed Platforms.Build.0 = Release|Any CPU
		{49BA1C69-6104-41AC-A5D8-B54FA9F696E8}.Linux|x86.ActiveCfg = Release|Any CPU
		{49BA1C69-6104-41AC-A5D8-B54FA9F696E8}.OSX|Any CPU.ActiveCfg = Release|Any CPU
		{49BA1C69-6104-41AC-A5D8-B54FA9F696E8}.OSX|Any CPU.Build.0 = Release|Any CPU
		{49BA1C69-6104-41AC-A5D8-B54FA9F696E8}.OSX|Mixed Platforms.ActiveCfg = Release|Any CPU
		{49BA1C69-6104-41AC-A5D8-B54FA9F696E8}.OSX|Mixed Platforms.Build.0 = Release|Any CPU
		{49BA1C69-6104-41AC-A5D8-B54FA9F696E8}.OSX|x86.ActiveCfg = Release|Any CPU
		{49BA1C69-6104-41AC-A5D8-B54FA9F696E8}.PSM|Any CPU.ActiveCfg = Release|Any CPU
		{49BA1C69-6104-41AC-A5D8-B54FA9F696E8}.PSM|Any CPU.Build.0 = Release|Any CPU
		{49BA1C69-6104-41AC-A5D8-B54FA9F696E8}.PSM|Mixed Platforms.ActiveCfg = Release|Any CPU
		{49BA1C69-6104-41AC-A5D8-B54FA9F696E8}.PSM|Mixed Platforms.Build.0 = Release|Any CPU
		{49BA1C69-6104-41AC-A5D8-B54FA9F696E8}.PSM|x86.ActiveCfg = Release|Any CPU
		{49BA1C69-6104-41AC-A5D8-B54FA9F696E8}.Release|Any CPU.ActiveCfg = Release|Any CPU
		{49BA1C69-6104-41AC-A5D8-B54FA9F696E8}.Release|Any CPU.Build.0 = Release|Any CPU
		{49BA1C69-6104-41AC-A5D8-B54FA9F696E8}.Release|Mixed Platforms.ActiveCfg = Release|Any CPU
		{49BA1C69-6104-41AC-A5D8-B54FA9F696E8}.Release|Mixed Platforms.Build.0 = Release|Any CPU
		{49BA1C69-6104-41AC-A5D8-B54FA9F696E8}.Release|x86.ActiveCfg = Release|Any CPU
		{49BA1C69-6104-41AC-A5D8-B54FA9F696E8}.Windows|Any CPU.ActiveCfg = Release|Any CPU
		{49BA1C69-6104-41AC-A5D8-B54FA9F696E8}.Windows|Any CPU.Build.0 = Release|Any CPU
		{49BA1C69-6104-41AC-A5D8-B54FA9F696E8}.Windows|Mixed Platforms.ActiveCfg = Release|Any CPU
		{49BA1C69-6104-41AC-A5D8-B54FA9F696E8}.Windows|Mixed Platforms.Build.0 = Release|Any CPU
		{49BA1C69-6104-41AC-A5D8-B54FA9F696E8}.Windows|x86.ActiveCfg = Release|Any CPU
		{49BA1C69-6104-41AC-A5D8-B54FA9F696E8}.Windows8|Any CPU.ActiveCfg = Release|Any CPU
		{49BA1C69-6104-41AC-A5D8-B54FA9F696E8}.Windows8|Any CPU.Build.0 = Release|Any CPU
		{49BA1C69-6104-41AC-A5D8-B54FA9F696E8}.Windows8|Mixed Platforms.ActiveCfg = Release|Any CPU
		{49BA1C69-6104-41AC-A5D8-B54FA9F696E8}.Windows8|Mixed Platforms.Build.0 = Release|Any CPU
		{49BA1C69-6104-41AC-A5D8-B54FA9F696E8}.Windows8|x86.ActiveCfg = Release|Any CPU
		{251AAFE1-F24B-4837-9128-9D04FCBFD528}.Android|Any CPU.ActiveCfg = Release|x86
		{251AAFE1-F24B-4837-9128-9D04FCBFD528}.Android|Mixed Platforms.ActiveCfg = Release|x86
		{251AAFE1-F24B-4837-9128-9D04FCBFD528}.Android|Mixed Platforms.Build.0 = Release|x86
		{251AAFE1-F24B-4837-9128-9D04FCBFD528}.Android|x86.ActiveCfg = Release|x86
		{251AAFE1-F24B-4837-9128-9D04FCBFD528}.Android|x86.Build.0 = Release|x86
		{251AAFE1-F24B-4837-9128-9D04FCBFD528}.Debug|Any CPU.ActiveCfg = Debug|x86
		{251AAFE1-F24B-4837-9128-9D04FCBFD528}.Debug|Mixed Platforms.ActiveCfg = Debug|x86
		{251AAFE1-F24B-4837-9128-9D04FCBFD528}.Debug|Mixed Platforms.Build.0 = Debug|x86
		{251AAFE1-F24B-4837-9128-9D04FCBFD528}.Debug|x86.ActiveCfg = Debug|x86
		{251AAFE1-F24B-4837-9128-9D04FCBFD528}.Debug|x86.Build.0 = Debug|x86
		{251AAFE1-F24B-4837-9128-9D04FCBFD528}.iOS|Any CPU.ActiveCfg = Release|x86
		{251AAFE1-F24B-4837-9128-9D04FCBFD528}.iOS|Mixed Platforms.ActiveCfg = Release|x86
		{251AAFE1-F24B-4837-9128-9D04FCBFD528}.iOS|Mixed Platforms.Build.0 = Release|x86
		{251AAFE1-F24B-4837-9128-9D04FCBFD528}.iOS|x86.ActiveCfg = Release|x86
		{251AAFE1-F24B-4837-9128-9D04FCBFD528}.iOS|x86.Build.0 = Release|x86
		{251AAFE1-F24B-4837-9128-9D04FCBFD528}.Linux|Any CPU.ActiveCfg = Release|x86
		{251AAFE1-F24B-4837-9128-9D04FCBFD528}.Linux|Mixed Platforms.ActiveCfg = Release|x86
		{251AAFE1-F24B-4837-9128-9D04FCBFD528}.Linux|Mixed Platforms.Build.0 = Release|x86
		{251AAFE1-F24B-4837-9128-9D04FCBFD528}.Linux|x86.ActiveCfg = Release|x86
		{251AAFE1-F24B-4837-9128-9D04FCBFD528}.Linux|x86.Build.0 = Release|x86
		{251AAFE1-F24B-4837-9128-9D04FCBFD528}.OSX|Any CPU.ActiveCfg = Release|x86
		{251AAFE1-F24B-4837-9128-9D04FCBFD528}.OSX|Mixed Platforms.ActiveCfg = Release|x86
		{251AAFE1-F24B-4837-9128-9D04FCBFD528}.OSX|Mixed Platforms.Build.0 = Release|x86
		{251AAFE1-F24B-4837-9128-9D04FCBFD528}.OSX|x86.ActiveCfg = Release|x86
		{251AAFE1-F24B-4837-9128-9D04FCBFD528}.OSX|x86.Build.0 = Release|x86
		{251AAFE1-F24B-4837-9128-9D04FCBFD528}.PSM|Any CPU.ActiveCfg = Release|x86
		{251AAFE1-F24B-4837-9128-9D04FCBFD528}.PSM|Mixed Platforms.ActiveCfg = Release|x86
		{251AAFE1-F24B-4837-9128-9D04FCBFD528}.PSM|Mixed Platforms.Build.0 = Release|x86
		{251AAFE1-F24B-4837-9128-9D04FCBFD528}.PSM|x86.ActiveCfg = Release|x86
		{251AAFE1-F24B-4837-9128-9D04FCBFD528}.PSM|x86.Build.0 = Release|x86
		{251AAFE1-F24B-4837-9128-9D04FCBFD528}.Release|Any CPU.ActiveCfg = Release|x86
		{251AAFE1-F24B-4837-9128-9D04FCBFD528}.Release|Mixed Platforms.ActiveCfg = Release|x86
		{251AAFE1-F24B-4837-9128-9D04FCBFD528}.Release|Mixed Platforms.Build.0 = Release|x86
		{251AAFE1-F24B-4837-9128-9D04FCBFD528}.Release|x86.ActiveCfg = Release|x86
		{251AAFE1-F24B-4837-9128-9D04FCBFD528}.Release|x86.Build.0 = Release|x86
		{251AAFE1-F24B-4837-9128-9D04FCBFD528}.Windows|Any CPU.ActiveCfg = Release|x86
		{251AAFE1-F24B-4837-9128-9D04FCBFD528}.Windows|Mixed Platforms.ActiveCfg = Release|x86
		{251AAFE1-F24B-4837-9128-9D04FCBFD528}.Windows|Mixed Platforms.Build.0 = Release|x86
		{251AAFE1-F24B-4837-9128-9D04FCBFD528}.Windows|x86.ActiveCfg = Release|x86
		{251AAFE1-F24B-4837-9128-9D04FCBFD528}.Windows|x86.Build.0 = Release|x86
		{251AAFE1-F24B-4837-9128-9D04FCBFD528}.Windows8|Any CPU.ActiveCfg = Release|x86
		{251AAFE1-F24B-4837-9128-9D04FCBFD528}.Windows8|Mixed Platforms.ActiveCfg = Release|x86
		{251AAFE1-F24B-4837-9128-9D04FCBFD528}.Windows8|Mixed Platforms.Build.0 = Release|x86
		{251AAFE1-F24B-4837-9128-9D04FCBFD528}.Windows8|x86.ActiveCfg = Release|x86
		{251AAFE1-F24B-4837-9128-9D04FCBFD528}.Windows8|x86.Build.0 = Release|x86
	EndGlobalSection
	GlobalSection(SolutionProperties) = preSolution
		HideSolutionNode = FALSE
	EndGlobalSection
EndGlobal
